{
  "version": 4,
  "terraform_version": "1.11.3",
  "serial": 111,
  "lineage": "f35465be-f863-c046-01e4-ea59f6f03293",
  "outputs": {
    "cluster_id": {
      "value": "ocid1.cluster.oc1.iad.aaaaaaaahe4akrl6yb6kioqkdmhwg2gwbugyqeq53wd6ti6gfc34jhlq46lq",
      "type": "string"
    },
    "datascience_job_id": {
      "value": "ocid1.datasciencejob.oc1.iad.amaaaaaak6zxdwaaxc5rf7dcngvkqqxoyn6beu2r7uj5prptrkenkq5f5wwa",
      "type": "string"
    },
    "datascience_project_id": {
      "value": "ocid1.datascienceproject.oc1.iad.amaaaaaak6zxdwaakkgzcymsvyx6776nw5uzbwzt5m55jtrr6cdjuvkxmula",
      "type": "string"
    },
    "datascience_subnet_id": {
      "value": "ocid1.subnet.oc1.iad.aaaaaaaat4p34tsf6r5yt2isaexdgjbc7ikbkxan2ty6i6zayd2zmwxpbngq",
      "type": "string"
    },
    "devops_build_pipeline_id": {
      "value": "ocid1.devopsbuildpipeline.oc1.iad.amaaaaaak6zxdwaajirlhxeqzqqf34fntnxbp72vzqssbm4ovqylewtrvm2a",
      "type": "string"
    },
    "devops_build_stage_id": {
      "value": "ocid1.devopsbuildpipelinestage.oc1.iad.amaaaaaak6zxdwaaxbytyyen7w4wfkeeyv3l54i7p2a2aec6y7rgvb5w64cq",
      "type": "string"
    },
    "devops_github_connection_id": {
      "value": "ocid1.devopsconnection.oc1.iad.amaaaaaak6zxdwaapff7a3lgyd2fiumizl62dnyhpi2txx6zguallyh655bq",
      "type": "string"
    },
    "devops_github_trigger_id": {
      "value": "ocid1.devopstrigger.oc1.iad.amaaaaaak6zxdwaaglqduceze6kjc5rf5wnsb5nm3akajigy5aekqy6mppwa",
      "type": "string"
    },
    "devops_notification_topic_id": {
      "value": "ocid1.onstopic.oc1.iad.amaaaaaak6zxdwaa7nzonyacnx3xibqfvdjoqu6elgjb7t44kr6kgdutbwnq",
      "type": "string"
    },
    "devops_project_id": {
      "value": "ocid1.devopsproject.oc1.iad.amaaaaaak6zxdwaatcovgnrvjxotarspztp6wfemcqwpci6zipugrpwuqbdq",
      "type": "string"
    },
    "kubeconfig_path": {
      "value": "./kubeconfig",
      "type": "string"
    },
    "mlflow_url": {
      "value": "http://129.80.216.101",
      "type": "string"
    },
    "nat_gateway_id": {
      "value": "ocid1.natgateway.oc1.iad.aaaaaaaa3hrtxbgbueedbw7oovsdxjcmhfmuumbqzuujc4524axc46foog2q",
      "type": "string"
    },
    "node_image_name": {
      "value": "Oracle-Linux-8.10-2026.01.29-0-OKE-1.35.0-1367",
      "type": "string"
    },
    "node_image_ocid": {
      "value": "ocid1.image.oc1.iad.aaaaaaaaesvpx5uridteius7egkexzjqrgr5yv4tw7txoipmtb2gkfpx3bcq",
      "type": "string"
    },
    "node_pool_id": {
      "value": "ocid1.nodepool.oc1.iad.aaaaaaaagssc6wskxtyj4xcolubeycdd24u23vaoi53i4eudgnne53q6geaq",
      "type": "string"
    },
    "ocir_training_repository_id": {
      "value": "ocid1.containerrepo.oc1.iad.0.idxlfhtrvfsa.aaaaaaaa32crrmp6vfnrohrgmtxp6sv2ptqpfn4nijgzndprhlsongungjta",
      "type": "string"
    },
    "ocir_training_repository_name": {
      "value": "mlflow-training-test",
      "type": "string"
    },
    "oke_kubernetes_version": {
      "value": "v1.35.0",
      "type": "string"
    }
  },
  "resources": [
    {
      "mode": "data",
      "type": "oci_containerengine_cluster_kube_config",
      "name": "oke",
      "provider": "provider[\"registry.terraform.io/oracle/oci\"]",
      "instances": [
        {
          "schema_version": 0,
          "attributes": {
            "cluster_id": "ocid1.cluster.oc1.iad.aaaaaaaahe4akrl6yb6kioqkdmhwg2gwbugyqeq53wd6ti6gfc34jhlq46lq",
            "content": "---\napiVersion: v1\nkind: \"\"\nclusters:\n- name: cluster-c34jhlq46lq\n  cluster:\n    server: https://129.153.9.20:6443\n    certificate-authority-data: LS0tLS1CRUdJTiBDRVJUSUZJQ0FURS0tLS0tCk1JSURpVENDQW5HZ0F3SUJBZ0lSQUxmUlBxUFdIVE9TV3VOa0ZTV0g2c0F3RFFZSktvWklodmNOQVFFTEJRQXcKWGpFUE1BMEdBMVVFQXd3R1N6aHpJRU5CTVFzd0NRWURWUVFHRXdKVlV6RVBNQTBHQTFVRUJ3d0dRWFZ6ZEdsdQpNUTh3RFFZRFZRUUtEQVpQY21GamJHVXhEREFLQmdOVkJBc01BMDlqYVRFT01Bd0dBMVVFQ0F3RlZHVjRZWE13CkhoY05Nall3TXpFM01UY3lNalV5V2hjTk16RXdNekUzTVRjeU1qVXlXakJlTVE4d0RRWURWUVFEREFaTE9ITWcKUTBFeEN6QUpCZ05WQkFZVEFsVlRNUTh3RFFZRFZRUUhEQVpCZFhOMGFXNHhEekFOQmdOVkJBb01Cazl5WVdOcwpaVEVNTUFvR0ExVUVDd3dEVDJOcE1RNHdEQVlEVlFRSURBVlVaWGhoY3pDQ0FTSXdEUVlKS29aSWh2Y05BUUVCCkJRQURnZ0VQQURDQ0FRb0NnZ0VCQUtOaU9zWmJuc042YWFsU09SZzFjZUJvekNHNWZzbWtZU1ZEKzl5ZWpJYnYKdDJTMUtMN3IwRmd6Rk92djVGWXc3U3lVcmJCLytJL0Nza2xDaldLR0FlWTRLTjlNb2ErUEFtQnE2a2FNemV5cApoNnd4T1NzS283cjFPM2gwY1NQUE1uK2M2T3k3Y2JWR0VKQUpPeW9hT0ZvTFZhRHY4U0VGdlVzY1l6aHhEVTZyCjVodEdoZjV1ZklubXRVUEFhZjVkUXNmSlgxcTlvMzFtOHhhVE42T0Z4QjRadW1UUEp1VkNSZjc4MU5wV05zeTMKeko2QjZwZUdqelJHUG1MM2U4T2NXSFZqTENBM3ZMRnk2b2I3SUd2eWt1WG9PQzZLYkQvMTkwZjNiYVRtYnpkZQpYcUhkR0pLYmFZb1BWMzljVlcwQ2VXUGkrVE5zNG9LTDBsYnJxUWUzZWZjQ0F3RUFBYU5DTUVBd0R3WURWUjBUCkFRSC9CQVV3QXdFQi96QU9CZ05WSFE4QkFmOEVCQU1DQVFZd0hRWURWUjBPQkJZRUZGdURUdndZV3NXY3JxdGgKK0RvanJNSUs1QTY2TUEwR0NTcUdTSWIzRFFFQkN3VUFBNElCQVFCOFJ4N052c296SmkvZDN3SVVPemQ0NzA5WgpUWTN3bjEzVmYyeWtlSUpaRE5mT2JEdmJGQTk2NUY0Rk9CUERoRTRRNVJXUGhpTndLOGc5OXNYc1ZYdGlwUHJnCmYrWU94Rm1ZTnZGQ25PaFdmYUZhTGtPM1VLRXFUL3prTGJtYkZidm04VnNlOWcxT20rM1pPTWlodGNETE1qVlgKNlo2WWZQVTJGUXpvSjdxOVh1WTRKcGZ1T0MrOWthYklvYm1nYmhNYVRFTEsyVnN4MnRaUzJoaHZOYlFqTEhzdgo2SHNlMUxkMXZrM1FOU1RXb2NXMHJYaGIxSDBLSm9hNWFOOEJiMjhXaEh5S3l4Q1VyRVVkRVdneFRXTjBJSjNSCjlCaTA4eG94eFJFeS9ZRFExRlAzZWVETFAzbmRvUEtybXQyaGJPVDEvWDc3T0wzK1oyZ0NpODhsRUxEdAotLS0tLUVORCBDRVJUSUZJQ0FURS0tLS0tCg==\nusers:\n- name: user-c34jhlq46lq\n  user:\n    exec:\n      apiVersion: client.authentication.k8s.io/v1beta1\n      command: oci\n      args:\n      - ce\n      - cluster\n      - generate-token\n      - --cluster-id\n      - ocid1.cluster.oc1.iad.aaaaaaaahe4akrl6yb6kioqkdmhwg2gwbugyqeq53wd6ti6gfc34jhlq46lq\n      - --region\n      - us-ashburn-1\n      env: []\ncontexts:\n- name: context-c34jhlq46lq\n  context:\n    cluster: cluster-c34jhlq46lq\n    user: user-c34jhlq46lq\ncurrent-context: context-c34jhlq46lq\n",
            "endpoint": null,
            "expiration": null,
            "id": "ContainerengineClusterKubeConfigDataSource-1766679546",
            "token_version": "2.0.0"
          },
          "sensitive_attributes": []
        }
      ]
    },
    {
      "mode": "data",
      "type": "oci_containerengine_cluster_option",
      "name": "oke",
      "provider": "provider[\"registry.terraform.io/oracle/oci\"]",
      "instances": [
        {
          "schema_version": 0,
          "attributes": {
            "cluster_option_id": "all",
            "cluster_pod_network_options": [
              {
                "cni_type": "OCI_VCN_IP_NATIVE"
              },
              {
                "cni_type": "FLANNEL_OVERLAY"
              }
            ],
            "compartment_id": null,
            "id": "ContainerengineClusterOptionDataSource-1870923232",
            "kubernetes_versions": [
              "v1.31.1",
              "v1.31.10",
              "v1.32.1",
              "v1.32.10",
              "v1.33.0",
              "v1.33.1",
              "v1.34.0",
              "v1.34.1",
              "v1.34.2",
              "v1.35.0"
            ],
            "should_list_all_patch_versions": null
          },
          "sensitive_attributes": []
        }
      ]
    },
    {
      "mode": "data",
      "type": "oci_core_image",
      "name": "selected_node_image",
      "provider": "provider[\"registry.terraform.io/oracle/oci\"]",
      "instances": [
        {
          "schema_version": 0,
          "attributes": {
            "agent_features": [],
            "base_image_id": null,
            "billable_size_in_gbs": "8",
            "compartment_id": "ocid1.compartment.oc1..aaaaaaaab4u67dhgtj5gpdpp3z42xqqsdnufxkatoild46u3hb67vzojfmzq",
            "create_image_allowed": true,
            "defined_tags": {},
            "display_name": "Oracle-Linux-8.10-2026.01.29-0-OKE-1.35.0-1367",
            "freeform_tags": {
              "base_image_name": "Oracle-Linux-8.10-2026.01.29-0",
              "base_image_ocid": "ocid1.image.oc1.phx.aaaaaaaaeq6df4utijfvhyjhxwzc5nuqgg5fqmcu5zfwu34torgsdf5epzpq",
              "k8s_version": "v1.35.0",
              "release_number": "bac4f58db30"
            },
            "id": "ocid1.image.oc1.iad.aaaaaaaaesvpx5uridteius7egkexzjqrgr5yv4tw7txoipmtb2gkfpx3bcq",
            "image_id": "ocid1.image.oc1.iad.aaaaaaaaesvpx5uridteius7egkexzjqrgr5yv4tw7txoipmtb2gkfpx3bcq",
            "image_source_details": null,
            "instance_id": null,
            "launch_mode": "PARAVIRTUALIZED",
            "launch_options": [
              {
                "boot_volume_type": "PARAVIRTUALIZED",
                "firmware": "UEFI_64",
                "is_consistent_volume_naming_enabled": true,
                "is_pv_encryption_in_transit_enabled": false,
                "network_type": "PARAVIRTUALIZED",
                "remote_data_volume_type": "PARAVIRTUALIZED"
              }
            ],
            "listing_type": "",
            "operating_system": "Oracle Linux",
            "operating_system_version": "8",
            "size_in_mbs": "47719",
            "state": "AVAILABLE",
            "time_created": "2026-03-11 21:10:32.299 +0000 UTC"
          },
          "sensitive_attributes": []
        }
      ]
    },
    {
      "mode": "data",
      "type": "oci_identity_availability_domains",
      "name": "ads",
      "provider": "provider[\"registry.terraform.io/oracle/oci\"]",
      "instances": [
        {
          "schema_version": 0,
          "attributes": {
            "availability_domains": [
              {
                "compartment_id": "ocid1.tenancy.oc1..aaaaaaaaua24xt6vh43ajptlqyxajese5ryuptn7k7effjfn64wkzl62uk4q",
                "id": "ocid1.availabilitydomain.oc1..aaaaaaaaztunlny6ae4yw2vghp5go2zceaonwp6wiioe3tnh2vlaxjjl2n3a",
                "name": "UzsG:US-ASHBURN-AD-1"
              },
              {
                "compartment_id": "ocid1.tenancy.oc1..aaaaaaaaua24xt6vh43ajptlqyxajese5ryuptn7k7effjfn64wkzl62uk4q",
                "id": "ocid1.availabilitydomain.oc1..aaaaaaaauvt2n7pijol7uqgdnnsoojcukrijtmcltvfwxazmitk235wyohta",
                "name": "UzsG:US-ASHBURN-AD-2"
              },
              {
                "compartment_id": "ocid1.tenancy.oc1..aaaaaaaaua24xt6vh43ajptlqyxajese5ryuptn7k7effjfn64wkzl62uk4q",
                "id": "ocid1.availabilitydomain.oc1..aaaaaaaatrwxaogr7dl4yschqtrmqrdv6uzis3mgbnomiagqrfhcb7mxsfdq",
                "name": "UzsG:US-ASHBURN-AD-3"
              }
            ],
            "compartment_id": "ocid1.tenancy.oc1..aaaaaaaaua24xt6vh43ajptlqyxajese5ryuptn7k7effjfn64wkzl62uk4q",
            "filter": null,
            "id": "IdentityAvailabilityDomainsDataSource-4282378015"
          },
          "sensitive_attributes": []
        }
      ]
    },
    {
      "mode": "managed",
      "type": "kubernetes_deployment_v1",
      "name": "mlflow",
      "provider": "provider[\"registry.terraform.io/hashicorp/kubernetes\"]",
      "instances": [
        {
          "schema_version": 1,
          "attributes": {
            "id": "mlflow/mlflow",
            "metadata": [
              {
                "annotations": {},
                "generate_name": "",
                "generation": 3,
                "labels": {
                  "app": "mlflow"
                },
                "name": "mlflow",
                "namespace": "mlflow",
                "resource_version": "40569",
                "uid": "d475bdeb-55d7-4c29-ab18-e78aeda20304"
              }
            ],
            "spec": [
              {
                "min_ready_seconds": 0,
                "paused": false,
                "progress_deadline_seconds": 600,
                "replicas": "1",
                "revision_history_limit": 10,
                "selector": [
                  {
                    "match_expressions": [],
                    "match_labels": {
                      "app": "mlflow"
                    }
                  }
                ],
                "strategy": [
                  {
                    "rolling_update": [
                      {
                        "max_surge": "25%",
                        "max_unavailable": "25%"
                      }
                    ],
                    "type": "RollingUpdate"
                  }
                ],
                "template": [
                  {
                    "metadata": [
                      {
                        "annotations": {},
                        "generate_name": "",
                        "generation": 0,
                        "labels": {
                          "app": "mlflow"
                        },
                        "name": "",
                        "namespace": "",
                        "resource_version": "",
                        "uid": ""
                      }
                    ],
                    "spec": [
                      {
                        "active_deadline_seconds": 0,
                        "affinity": [],
                        "automount_service_account_token": true,
                        "container": [
                          {
                            "args": [
                              "server",
                              "--host",
                              "0.0.0.0",
                              "--port",
                              "5000",
                              "--backend-store-uri",
                              "sqlite:///mlflow.db",
                              "--serve-artifacts",
                              "--artifacts-destination",
                              "/mlflow/artifacts",
                              "--default-artifact-root",
                              "mlflow-artifacts:/"
                            ],
                            "command": [
                              "mlflow"
                            ],
                            "env": [],
                            "env_from": [],
                            "image": "ghcr.io/mlflow/mlflow:v2.12.2",
                            "image_pull_policy": "IfNotPresent",
                            "lifecycle": [],
                            "liveness_probe": [],
                            "name": "mlflow",
                            "port": [
                              {
                                "container_port": 5000,
                                "host_ip": "",
                                "host_port": 0,
                                "name": "",
                                "protocol": "TCP"
                              }
                            ],
                            "readiness_probe": [],
                            "resources": [
                              {
                                "limits": {},
                                "requests": {}
                              }
                            ],
                            "restart_policy": "",
                            "security_context": [],
                            "startup_probe": [],
                            "stdin": false,
                            "stdin_once": false,
                            "termination_message_path": "/dev/termination-log",
                            "termination_message_policy": "File",
                            "tty": false,
                            "volume_device": [],
                            "volume_mount": [
                              {
                                "mount_path": "/mlflow",
                                "mount_propagation": "None",
                                "name": "mlflow-data",
                                "read_only": false,
                                "sub_path": "",
                                "sub_path_expr": ""
                              }
                            ],
                            "working_dir": ""
                          }
                        ],
                        "dns_config": [],
                        "dns_policy": "ClusterFirst",
                        "enable_service_links": true,
                        "host_aliases": [],
                        "host_ipc": false,
                        "host_network": false,
                        "host_pid": false,
                        "hostname": "",
                        "image_pull_secrets": [],
                        "init_container": [],
                        "node_name": "",
                        "node_selector": {},
                        "os": [],
                        "priority_class_name": "",
                        "readiness_gate": [],
                        "restart_policy": "Always",
                        "runtime_class_name": "",
                        "scheduler_name": "default-scheduler",
                        "security_context": [],
                        "service_account_name": "",
                        "share_process_namespace": false,
                        "subdomain": "",
                        "termination_grace_period_seconds": 30,
                        "toleration": [],
                        "topology_spread_constraint": [],
                        "volume": [
                          {
                            "aws_elastic_block_store": [],
                            "azure_disk": [],
                            "azure_file": [],
                            "ceph_fs": [],
                            "cinder": [],
                            "config_map": [],
                            "csi": [],
                            "downward_api": [],
                            "empty_dir": [
                              {
                                "medium": "",
                                "size_limit": ""
                              }
                            ],
                            "ephemeral": [],
                            "fc": [],
                            "flex_volume": [],
                            "flocker": [],
                            "gce_persistent_disk": [],
                            "git_repo": [],
                            "glusterfs": [],
                            "host_path": [],
                            "iscsi": [],
                            "local": [],
                            "name": "mlflow-data",
                            "nfs": [],
                            "persistent_volume_claim": [],
                            "photon_persistent_disk": [],
                            "projected": [],
                            "quobyte": [],
                            "rbd": [],
                            "secret": [],
                            "vsphere_volume": []
                          }
                        ]
                      }
                    ]
                  }
                ]
              }
            ],
            "timeouts": null,
            "wait_for_rollout": true
          },
          "sensitive_attributes": [],
          "private": "eyJlMmJmYjczMC1lY2FhLTExZTYtOGY4OC0zNDM2M2JjN2M0YzAiOnsiY3JlYXRlIjo2MDAwMDAwMDAwMDAsImRlbGV0ZSI6NjAwMDAwMDAwMDAwLCJ1cGRhdGUiOjYwMDAwMDAwMDAwMH0sInNjaGVtYV92ZXJzaW9uIjoiMSJ9",
          "dependencies": [
            "data.oci_containerengine_cluster_kube_config.oke",
            "data.oci_containerengine_cluster_option.oke",
            "data.oci_identity_availability_domains.ads",
            "kubernetes_namespace_v1.mlflow",
            "local_sensitive_file.kubeconfig",
            "oci_containerengine_cluster.oke",
            "oci_containerengine_node_pool.default",
            "oci_core_internet_gateway.oke",
            "oci_core_route_table.public",
            "oci_core_security_list.oke",
            "oci_core_subnet.api",
            "oci_core_subnet.lb",
            "oci_core_subnet.nodes",
            "oci_core_vcn.oke"
          ]
        }
      ]
    },
    {
      "mode": "managed",
      "type": "kubernetes_namespace_v1",
      "name": "mlflow",
      "provider": "provider[\"registry.terraform.io/hashicorp/kubernetes\"]",
      "instances": [
        {
          "schema_version": 0,
          "attributes": {
            "id": "mlflow",
            "metadata": [
              {
                "annotations": {},
                "generate_name": "",
                "generation": 0,
                "labels": {},
                "name": "mlflow",
                "resource_version": "2275",
                "uid": "655ed73d-f752-4e6c-844a-dba164d2fe5d"
              }
            ],
            "timeouts": null,
            "wait_for_default_service_account": false
          },
          "sensitive_attributes": [],
          "private": "eyJlMmJmYjczMC1lY2FhLTExZTYtOGY4OC0zNDM2M2JjN2M0YzAiOnsiZGVsZXRlIjozMDAwMDAwMDAwMDB9fQ==",
          "dependencies": [
            "data.oci_containerengine_cluster_kube_config.oke",
            "data.oci_containerengine_cluster_option.oke",
            "local_sensitive_file.kubeconfig",
            "oci_containerengine_cluster.oke",
            "oci_core_internet_gateway.oke",
            "oci_core_route_table.public",
            "oci_core_security_list.oke",
            "oci_core_subnet.api",
            "oci_core_subnet.lb",
            "oci_core_vcn.oke"
          ]
        }
      ]
    },
    {
      "mode": "managed",
      "type": "kubernetes_service_v1",
      "name": "mlflow",
      "provider": "provider[\"registry.terraform.io/hashicorp/kubernetes\"]",
      "instances": [
        {
          "schema_version": 1,
          "attributes": {
            "id": "mlflow/mlflow",
            "metadata": [
              {
                "annotations": {},
                "generate_name": "",
                "generation": 0,
                "labels": {},
                "name": "mlflow",
                "namespace": "mlflow",
                "resource_version": "3977",
                "uid": "61fb3569-f0fc-431d-b14c-c54292af9cb6"
              }
            ],
            "spec": [
              {
                "allocate_load_balancer_node_ports": true,
                "cluster_ip": "10.96.76.18",
                "cluster_ips": [
                  "10.96.76.18"
                ],
                "external_ips": [],
                "external_name": "",
                "external_traffic_policy": "Cluster",
                "health_check_node_port": 0,
                "internal_traffic_policy": "Cluster",
                "ip_families": [
                  "IPv4"
                ],
                "ip_family_policy": "SingleStack",
                "load_balancer_class": "",
                "load_balancer_ip": "",
                "load_balancer_source_ranges": [],
                "port": [
                  {
                    "app_protocol": "",
                    "name": "http",
                    "node_port": 32544,
                    "port": 80,
                    "protocol": "TCP",
                    "target_port": "5000"
                  }
                ],
                "publish_not_ready_addresses": false,
                "selector": {
                  "app": "mlflow"
                },
                "session_affinity": "None",
                "session_affinity_config": [],
                "type": "LoadBalancer"
              }
            ],
            "status": [
              {
                "load_balancer": [
                  {
                    "ingress": [
                      {
                        "hostname": "",
                        "ip": "129.80.216.101",
                        "ip_mode": "VIP"
                      }
                    ]
                  }
                ]
              }
            ],
            "timeouts": null,
            "wait_for_load_balancer": true
          },
          "sensitive_attributes": [],
          "private": "eyJlMmJmYjczMC1lY2FhLTExZTYtOGY4OC0zNDM2M2JjN2M0YzAiOnsiY3JlYXRlIjo2MDAwMDAwMDAwMDB9LCJzY2hlbWFfdmVyc2lvbiI6IjEifQ==",
          "dependencies": [
            "data.oci_containerengine_cluster_kube_config.oke",
            "data.oci_containerengine_cluster_option.oke",
            "data.oci_identity_availability_domains.ads",
            "kubernetes_deployment_v1.mlflow",
            "kubernetes_namespace_v1.mlflow",
            "local_sensitive_file.kubeconfig",
            "oci_containerengine_cluster.oke",
            "oci_containerengine_node_pool.default",
            "oci_core_internet_gateway.oke",
            "oci_core_route_table.public",
            "oci_core_security_list.oke",
            "oci_core_subnet.api",
            "oci_core_subnet.lb",
            "oci_core_subnet.nodes",
            "oci_core_vcn.oke"
          ]
        }
      ]
    },
    {
      "mode": "managed",
      "type": "local_file",
      "name": "devops_build_spec",
      "provider": "provider[\"registry.terraform.io/hashicorp/local\"]",
      "instances": [
        {
          "schema_version": 0,
          "attributes": {
            "content": "version: 0.1\ncomponent: build\ntimeoutInSeconds: 3600\nshell: bash\nenv:\n  variables:\n    PROJECT_ROOT: \"oci-terraform-solutions/oke-mlops-mlflow\"\n    PACKAGE_DIR: dist\n    PACKAGE_NAME: training_bundle.zip\n    COMPARTMENT_OCID: \"ocid1.compartment.oc1..aaaaaaaakudebt2qkiq7rigx53xbsanwjxzr42tw46ktdmyejwotqsclgo6q\"\n    OCIR_REGION_CODE: \"iad\"\n    OCIR_NAMESPACE: \"idxlfhtrvfsa\"\n    OCIR_REPOSITORY: \"mlflow-training-test\"\n    IMAGE_TAG: \"latest\"\n    OCIR_USERNAME: \"idxlfhtrvfsa/prasanth.prasad@oracle.com\"\n    OCIR_AUTH_TOKEN: \"\"\n    OCIR_AUTH_TOKEN_SECRET_OCID: \"ocid1.vaultsecret.oc1.iad.amaaaaaak6zxdwaayveuyoez3pu6g5vypoewcqs637w53w375oeavdtcccya\"\nsteps:\n  - type: Command\n    name: Install dependencies\n    command: |\n      if [ -d \"${OCI_PRIMARY_SOURCE_DIR}/${PROJECT_ROOT}/training\" ]; then\n        cd \"${OCI_PRIMARY_SOURCE_DIR}/${PROJECT_ROOT}\"\n      elif [ -d \"${OCI_PRIMARY_SOURCE_DIR}/training\" ]; then\n        cd \"${OCI_PRIMARY_SOURCE_DIR}\"\n      else\n        echo \"training/ directory not found from OCI_PRIMARY_SOURCE_DIR=${OCI_PRIMARY_SOURCE_DIR}\"\n        exit 1\n      fi\n      pip3 install --prefer-binary -r training/requirements.txt\n  - type: Command\n    name: Build and push container image to OCIR\n    command: |\n      if [ -d \"${OCI_PRIMARY_SOURCE_DIR}/${PROJECT_ROOT}/training\" ]; then\n        cd \"${OCI_PRIMARY_SOURCE_DIR}/${PROJECT_ROOT}\"\n      else\n        cd \"${OCI_PRIMARY_SOURCE_DIR}\"\n      fi\n      if [ -n \"${OCIR_NAMESPACE}\" ] \u0026\u0026 [ -n \"${OCIR_USERNAME}\" ] \u0026\u0026 [ -n \"${OCIR_AUTH_TOKEN}\" -o -n \"${OCIR_AUTH_TOKEN_SECRET_OCID}\" ]; then\n        bash scripts/build_and_push_ocir_image.sh\n      else\n        echo \"OCIR env vars not fully set (need namespace, username, and token or secret OCID). Skipping container build/push.\"\n      fi\n  - type: Command\n    name: Package training code\n    command: |\n      if [ -d \"${OCI_PRIMARY_SOURCE_DIR}/${PROJECT_ROOT}/training\" ]; then\n        cd \"${OCI_PRIMARY_SOURCE_DIR}/${PROJECT_ROOT}\"\n      else\n        cd \"${OCI_PRIMARY_SOURCE_DIR}\"\n      fi\n      rm -rf ${PACKAGE_DIR}\n      mkdir -p ${PACKAGE_DIR}\n      zip -r ${PACKAGE_DIR}/${PACKAGE_NAME} training scripts\n      ls -lah ${PACKAGE_DIR}\n  - type: Command\n    name: Trigger Data Science Job\n    command: |\n      if [ -d \"${OCI_PRIMARY_SOURCE_DIR}/${PROJECT_ROOT}/training\" ]; then\n        cd \"${OCI_PRIMARY_SOURCE_DIR}/${PROJECT_ROOT}\"\n      elif [ -d \"${OCI_PRIMARY_SOURCE_DIR}/training\" ]; then\n        cd \"${OCI_PRIMARY_SOURCE_DIR}\"\n      else\n        echo \"training/ directory not found from OCI_PRIMARY_SOURCE_DIR=${OCI_PRIMARY_SOURCE_DIR}\"\n        exit 1\n      fi\n      bash scripts/trigger_datascience_job_run.sh\noutputArtifacts:\n  - name: training_bundle\n    type: BINARY\n    location: ${OCI_PRIMARY_SOURCE_DIR}/${PROJECT_ROOT}/${PACKAGE_DIR}/${PACKAGE_NAME}\n",
            "content_base64": null,
            "content_base64sha256": "5oOWcFkYGtWXxN7nQto4jbTLNvk2tuI6l/cc2w8dCPY=",
            "content_base64sha512": "jPfHKzV5DTno2kUK09zqE8eZO+q5LUBXQmmm4cxQlwfK5zeZYQbqrrg6UqIrdWT43CNhDK6A6c4sAAeILgfx0A==",
            "content_md5": "f21daa4717ea3fef441b7901e90dd841",
            "content_sha1": "2f97cef4e03bdb4d9a1c1818ee80dfa5f3cb6d87",
            "content_sha256": "e683967059181ad597c4dee742da388db4cb36f936b6e23a97f71cdb0f1d08f6",
            "content_sha512": "8cf7c72b35790d39e8da450ad3dcea13c7993beab92d40574269a6e1cc509707cae737996106eaaeb83a52a22b7564f8dc23610cae80e9ce2c0007882e07f1d0",
            "directory_permission": "0777",
            "file_permission": "0777",
            "filename": "./devops/build_spec.yaml",
            "id": "2f97cef4e03bdb4d9a1c1818ee80dfa5f3cb6d87",
            "sensitive_content": null,
            "source": null
          },
          "sensitive_attributes": [
            [
              {
                "type": "get_attr",
                "value": "sensitive_content"
              }
            ],
            [
              {
                "type": "get_attr",
                "value": "content"
              }
            ]
          ]
        }
      ]
    },
    {
      "mode": "managed",
      "type": "local_sensitive_file",
      "name": "kubeconfig",
      "provider": "provider[\"registry.terraform.io/hashicorp/local\"]",
      "instances": [
        {
          "schema_version": 0,
          "attributes": {
            "content": "---\napiVersion: v1\nkind: \"\"\nclusters:\n- name: cluster-c34jhlq46lq\n  cluster:\n    server: https://129.153.9.20:6443\n    certificate-authority-data: LS0tLS1CRUdJTiBDRVJUSUZJQ0FURS0tLS0tCk1JSURpVENDQW5HZ0F3SUJBZ0lSQUxmUlBxUFdIVE9TV3VOa0ZTV0g2c0F3RFFZSktvWklodmNOQVFFTEJRQXcKWGpFUE1BMEdBMVVFQXd3R1N6aHpJRU5CTVFzd0NRWURWUVFHRXdKVlV6RVBNQTBHQTFVRUJ3d0dRWFZ6ZEdsdQpNUTh3RFFZRFZRUUtEQVpQY21GamJHVXhEREFLQmdOVkJBc01BMDlqYVRFT01Bd0dBMVVFQ0F3RlZHVjRZWE13CkhoY05Nall3TXpFM01UY3lNalV5V2hjTk16RXdNekUzTVRjeU1qVXlXakJlTVE4d0RRWURWUVFEREFaTE9ITWcKUTBFeEN6QUpCZ05WQkFZVEFsVlRNUTh3RFFZRFZRUUhEQVpCZFhOMGFXNHhEekFOQmdOVkJBb01Cazl5WVdOcwpaVEVNTUFvR0ExVUVDd3dEVDJOcE1RNHdEQVlEVlFRSURBVlVaWGhoY3pDQ0FTSXdEUVlKS29aSWh2Y05BUUVCCkJRQURnZ0VQQURDQ0FRb0NnZ0VCQUtOaU9zWmJuc042YWFsU09SZzFjZUJvekNHNWZzbWtZU1ZEKzl5ZWpJYnYKdDJTMUtMN3IwRmd6Rk92djVGWXc3U3lVcmJCLytJL0Nza2xDaldLR0FlWTRLTjlNb2ErUEFtQnE2a2FNemV5cApoNnd4T1NzS283cjFPM2gwY1NQUE1uK2M2T3k3Y2JWR0VKQUpPeW9hT0ZvTFZhRHY4U0VGdlVzY1l6aHhEVTZyCjVodEdoZjV1ZklubXRVUEFhZjVkUXNmSlgxcTlvMzFtOHhhVE42T0Z4QjRadW1UUEp1VkNSZjc4MU5wV05zeTMKeko2QjZwZUdqelJHUG1MM2U4T2NXSFZqTENBM3ZMRnk2b2I3SUd2eWt1WG9PQzZLYkQvMTkwZjNiYVRtYnpkZQpYcUhkR0pLYmFZb1BWMzljVlcwQ2VXUGkrVE5zNG9LTDBsYnJxUWUzZWZjQ0F3RUFBYU5DTUVBd0R3WURWUjBUCkFRSC9CQVV3QXdFQi96QU9CZ05WSFE4QkFmOEVCQU1DQVFZd0hRWURWUjBPQkJZRUZGdURUdndZV3NXY3JxdGgKK0RvanJNSUs1QTY2TUEwR0NTcUdTSWIzRFFFQkN3VUFBNElCQVFCOFJ4N052c296SmkvZDN3SVVPemQ0NzA5WgpUWTN3bjEzVmYyeWtlSUpaRE5mT2JEdmJGQTk2NUY0Rk9CUERoRTRRNVJXUGhpTndLOGc5OXNYc1ZYdGlwUHJnCmYrWU94Rm1ZTnZGQ25PaFdmYUZhTGtPM1VLRXFUL3prTGJtYkZidm04VnNlOWcxT20rM1pPTWlodGNETE1qVlgKNlo2WWZQVTJGUXpvSjdxOVh1WTRKcGZ1T0MrOWthYklvYm1nYmhNYVRFTEsyVnN4MnRaUzJoaHZOYlFqTEhzdgo2SHNlMUxkMXZrM1FOU1RXb2NXMHJYaGIxSDBLSm9hNWFOOEJiMjhXaEh5S3l4Q1VyRVVkRVdneFRXTjBJSjNSCjlCaTA4eG94eFJFeS9ZRFExRlAzZWVETFAzbmRvUEtybXQyaGJPVDEvWDc3T0wzK1oyZ0NpODhsRUxEdAotLS0tLUVORCBDRVJUSUZJQ0FURS0tLS0tCg==\nusers:\n- name: user-c34jhlq46lq\n  user:\n    exec:\n      apiVersion: client.authentication.k8s.io/v1beta1\n      command: oci\n      args:\n      - ce\n      - cluster\n      - generate-token\n      - --cluster-id\n      - ocid1.cluster.oc1.iad.aaaaaaaahe4akrl6yb6kioqkdmhwg2gwbugyqeq53wd6ti6gfc34jhlq46lq\n      - --region\n      - us-ashburn-1\n      env: []\ncontexts:\n- name: context-c34jhlq46lq\n  context:\n    cluster: cluster-c34jhlq46lq\n    user: user-c34jhlq46lq\ncurrent-context: context-c34jhlq46lq\n",
            "content_base64": null,
            "content_base64sha256": "vpM3BcpSBlD4nuA2S9WI1xp/DXYNGpK6EQl2s6BCD8M=",
            "content_base64sha512": "M48d4QU6M376iJ6mNIc0eVSxl660zjroVxHbsxBXhoiiQZly3hfZBJgMPxXKPChzZe3ta3gVpTXXWxSADYZIww==",
            "content_md5": "7ea5b7530738548ef99944f088be2283",
            "content_sha1": "56a13318d826b0d3823ca9c737a5533c768bb7b2",
            "content_sha256": "be933705ca520650f89ee0364bd588d71a7f0d760d1a92ba110976b3a0420fc3",
            "content_sha512": "338f1de1053a337efa889ea63487347954b197aeb4ce3ae85711dbb310578688a2419972de17d904980c3f15ca3c287365eded6b7815a535d75b14800d8648c3",
            "directory_permission": "0700",
            "file_permission": "0600",
            "filename": "./kubeconfig",
            "id": "56a13318d826b0d3823ca9c737a5533c768bb7b2",
            "source": null
          },
          "sensitive_attributes": [
            [
              {
                "type": "get_attr",
                "value": "content"
              }
            ],
            [
              {
                "type": "get_attr",
                "value": "content_base64"
              }
            ]
          ],
          "dependencies": [
            "data.oci_containerengine_cluster_kube_config.oke",
            "data.oci_containerengine_cluster_option.oke",
            "oci_containerengine_cluster.oke",
            "oci_core_internet_gateway.oke",
            "oci_core_route_table.public",
            "oci_core_security_list.oke",
            "oci_core_subnet.api",
            "oci_core_subnet.lb",
            "oci_core_vcn.oke"
          ]
        }
      ]
    },
    {
      "mode": "managed",
      "type": "oci_artifacts_container_repository",
      "name": "training",
      "provider": "provider[\"registry.terraform.io/oracle/oci\"]",
      "instances": [
        {
          "index_key": 0,
          "schema_version": 0,
          "attributes": {
            "billable_size_in_gbs": "1",
            "compartment_id": "ocid1.compartment.oc1..aaaaaaaakudebt2qkiq7rigx53xbsanwjxzr42tw46ktdmyejwotqsclgo6q",
            "created_by": "ocid1.user.oc1..aaaaaaaaso2v2aebeh3og264mevb3vvfaclto7dbkbk3plevtqkvy64uqrcq",
            "defined_tags": {},
            "display_name": "mlflow-training-test",
            "freeform_tags": {},
            "id": "ocid1.containerrepo.oc1.iad.0.idxlfhtrvfsa.aaaaaaaa32crrmp6vfnrohrgmtxp6sv2ptqpfn4nijgzndprhlsongungjta",
            "image_count": 5,
            "is_immutable": false,
            "is_public": false,
            "layer_count": 43,
            "layers_size_in_bytes": "1233908719",
            "namespace": "idxlfhtrvfsa",
            "readme": [],
            "state": "AVAILABLE",
            "system_tags": {},
            "time_created": "2026-03-19 16:11:17.299 +0000 UTC",
            "time_last_pushed": "2026-03-19 20:11:40.725 +0000 UTC",
            "timeouts": null
          },
          "sensitive_attributes": [],
          "private": "eyJlMmJmYjczMC1lY2FhLTExZTYtOGY4OC0zNDM2M2JjN2M0YzAiOnsiY3JlYXRlIjoxMjAwMDAwMDAwMDAwLCJkZWxldGUiOjEyMDAwMDAwMDAwMDAsInVwZGF0ZSI6MTIwMDAwMDAwMDAwMH0sInNjaGVtYV92ZXJzaW9uIjoiMCJ9"
        }
      ]
    },
    {
      "mode": "managed",
      "type": "oci_containerengine_cluster",
      "name": "oke",
      "provider": "provider[\"registry.terraform.io/oracle/oci\"]",
      "instances": [
        {
          "schema_version": 0,
          "attributes": {
            "available_kubernetes_upgrades": [],
            "cluster_pod_network_options": [
              {
                "cni_type": "FLANNEL_OVERLAY"
              }
            ],
            "compartment_id": "ocid1.compartment.oc1..aaaaaaaakudebt2qkiq7rigx53xbsanwjxzr42tw46ktdmyejwotqsclgo6q",
            "defined_tags": {
              "Oracle-Tags.CreatedBy": "default/prasanth.prasad@oracle.com",
              "Oracle-Tags.CreatedOn": "2026-03-17T17:22:26.462Z"
            },
            "endpoint_config": [
              {
                "is_public_ip_enabled": true,
                "nsg_ids": [],
                "subnet_id": "ocid1.subnet.oc1.iad.aaaaaaaacottvim3hsrl5yskahewei462miytafujmekykzx2bym33pejjka"
              }
            ],
            "endpoints": [
              {
                "ipv6endpoint": "",
                "kubernetes": "",
                "private_endpoint": "10.0.0.177:6443",
                "public_endpoint": "129.153.9.20:6443",
                "vcn_hostname_endpoint": "c34jhlq46lq.apisub.okevcn.oraclevcn.com:6443"
              }
            ],
            "freeform_tags": {},
            "id": "ocid1.cluster.oc1.iad.aaaaaaaahe4akrl6yb6kioqkdmhwg2gwbugyqeq53wd6ti6gfc34jhlq46lq",
            "image_policy_config": [
              {
                "is_policy_enabled": false,
                "key_details": []
              }
            ],
            "kms_key_id": null,
            "kubernetes_version": "v1.35.0",
            "lifecycle_details": null,
            "metadata": [
              {
                "created_by_user_id": "ocid1.user.oc1..aaaaaaaaso2v2aebeh3og264mevb3vvfaclto7dbkbk3plevtqkvy64uqrcq",
                "created_by_work_request_id": "ocid1.clustersworkrequest.oc1.iad.aaaaaaaajjquqis3i4uyrl6hor7cqmwq5e6aca6wsr7iugjucwcorggoccma",
                "deleted_by_user_id": "",
                "deleted_by_work_request_id": "",
                "time_created": "2026-03-17 17:22:27 +0000 UTC",
                "time_credential_expiration": "2031-03-17 17:23:14 +0000 UTC",
                "time_deleted": "",
                "time_updated": "",
                "updated_by_user_id": "",
                "updated_by_work_request_id": ""
              }
            ],
            "name": "mlflow-oke",
            "open_id_connect_discovery_endpoint": null,
            "open_id_connect_discovery_key": null,
            "options": [
              {
                "add_ons": [
                  {
                    "is_kubernetes_dashboard_enabled": false,
                    "is_tiller_enabled": false
                  }
                ],
                "admission_controller_options": [
                  {
                    "is_pod_security_policy_enabled": false
                  }
                ],
                "ip_families": [
                  "IPv4"
                ],
                "kubernetes_network_config": [
                  {
                    "pods_cidr": "10.244.0.0/16",
                    "services_cidr": "10.96.0.0/16"
                  }
                ],
                "open_id_connect_discovery": [],
                "open_id_connect_token_authentication_config": [],
                "persistent_volume_config": [
                  {
                    "defined_tags": {},
                    "freeform_tags": {}
                  }
                ],
                "service_lb_config": [
                  {
                    "backend_nsg_ids": [],
                    "defined_tags": {},
                    "freeform_tags": {}
                  }
                ],
                "service_lb_subnet_ids": [
                  "ocid1.subnet.oc1.iad.aaaaaaaa2ihxoqx3ldnkakedng6iud3r5l2nhu7ghvk53jp3zeezz7dbyc6a"
                ]
              }
            ],
            "state": "ACTIVE",
            "timeouts": null,
            "type": "BASIC_CLUSTER",
            "vcn_id": "ocid1.vcn.oc1.iad.amaaaaaak6zxdwaamlnbzq3iilkqa4fdzd3khlor265hr557bnw2sab4bbfq"
          },
          "sensitive_attributes": [],
          "private": "eyJlMmJmYjczMC1lY2FhLTExZTYtOGY4OC0zNDM2M2JjN2M0YzAiOnsiY3JlYXRlIjozNjAwMDAwMDAwMDAwLCJkZWxldGUiOjM2MDAwMDAwMDAwMDAsInVwZGF0ZSI6MzYwMDAwMDAwMDAwMH19",
          "dependencies": [
            "data.oci_containerengine_cluster_option.oke",
            "oci_core_internet_gateway.oke",
            "oci_core_route_table.public",
            "oci_core_security_list.oke",
            "oci_core_subnet.api",
            "oci_core_subnet.lb",
            "oci_core_vcn.oke"
          ]
        }
      ]
    },
    {
      "mode": "managed",
      "type": "oci_containerengine_node_pool",
      "name": "default",
      "provider": "provider[\"registry.terraform.io/oracle/oci\"]",
      "instances": [
        {
          "schema_version": 0,
          "attributes": {
            "cluster_id": "ocid1.cluster.oc1.iad.aaaaaaaahe4akrl6yb6kioqkdmhwg2gwbugyqeq53wd6ti6gfc34jhlq46lq",
            "compartment_id": "ocid1.compartment.oc1..aaaaaaaakudebt2qkiq7rigx53xbsanwjxzr42tw46ktdmyejwotqsclgo6q",
            "defined_tags": {
              "Oracle-Tags.CreatedBy": "default/prasanth.prasad@oracle.com",
              "Oracle-Tags.CreatedOn": "2026-03-17T17:36:07.494Z"
            },
            "freeform_tags": {},
            "id": "ocid1.nodepool.oc1.iad.aaaaaaaagssc6wskxtyj4xcolubeycdd24u23vaoi53i4eudgnne53q6geaq",
            "initial_node_labels": [],
            "kubernetes_version": "v1.35.0",
            "lifecycle_details": null,
            "name": "mlflow-oke-nodepool",
            "node_config_details": [
              {
                "defined_tags": {},
                "freeform_tags": {},
                "is_pv_encryption_in_transit_enabled": false,
                "kms_key_id": "",
                "node_pool_pod_network_option_details": [
                  {
                    "cni_type": "FLANNEL_OVERLAY",
                    "max_pods_per_node": 0,
                    "pod_nsg_ids": [],
                    "pod_subnet_ids": []
                  }
                ],
                "nsg_ids": [],
                "placement_configs": [
                  {
                    "availability_domain": "UzsG:US-ASHBURN-AD-1",
                    "capacity_reservation_id": "",
                    "fault_domains": [],
                    "preemptible_node_config": [],
                    "subnet_id": "ocid1.subnet.oc1.iad.aaaaaaaaeflrvp3rjybprcxdcotdllejx4fwkfevgoosrl3ohsvhku3ur2wa"
                  }
                ],
                "size": 1
              }
            ],
            "node_eviction_node_pool_settings": [],
            "node_image_id": "ocid1.image.oc1.iad.aaaaaaaaesvpx5uridteius7egkexzjqrgr5yv4tw7txoipmtb2gkfpx3bcq",
            "node_image_name": "Oracle-Linux-8.10-2026.01.29-0-OKE-1.35.0-1367",
            "node_metadata": {},
            "node_pool_cycling_details": [],
            "node_shape": "VM.Standard.E4.Flex",
            "node_shape_config": [
              {
                "memory_in_gbs": 16,
                "ocpus": 2
              }
            ],
            "node_source": [
              {
                "image_id": "ocid1.image.oc1.iad.aaaaaaaaesvpx5uridteius7egkexzjqrgr5yv4tw7txoipmtb2gkfpx3bcq",
                "source_name": "Oracle-Linux-8.10-2026.01.29-0-OKE-1.35.0-1367",
                "source_type": "IMAGE"
              }
            ],
            "node_source_details": [
              {
                "boot_volume_size_in_gbs": "",
                "image_id": "ocid1.image.oc1.iad.aaaaaaaaesvpx5uridteius7egkexzjqrgr5yv4tw7txoipmtb2gkfpx3bcq",
                "source_type": "IMAGE"
              }
            ],
            "nodes": [
              {
                "availability_domain": "UzsG:US-ASHBURN-AD-1",
                "defined_tags": {},
                "error": [],
                "fault_domain": "FAULT-DOMAIN-1",
                "freeform_tags": {},
                "id": "ocid1.instance.oc1.iad.anuwcljsk6zxdwacq462y2nurwpbnfcsfn7j5qpwk36qngsfk7u3xqnrnxea",
                "kubernetes_version": "v1.35.0",
                "lifecycle_details": "",
                "name": "oke-c34jhlq46lq-nne53q6geaq-svhku3ur2wa-0",
                "node_pool_id": "ocid1.nodepool.oc1.iad.aaaaaaaagssc6wskxtyj4xcolubeycdd24u23vaoi53i4eudgnne53q6geaq",
                "private_ip": "10.0.1.166",
                "public_ip": "193.122.158.207",
                "state": "ACTIVE",
                "subnet_id": "ocid1.subnet.oc1.iad.aaaaaaaaeflrvp3rjybprcxdcotdllejx4fwkfevgoosrl3ohsvhku3ur2wa"
              }
            ],
            "quantity_per_subnet": 0,
            "ssh_public_key": "ssh-rsa AAAAB3NzaC1yc2EAAAADAQABAAABAQCoB44gqaZqNBdqzlwxuoXfr/dmWuRj7GYlekWVBK4KK9Fj0yem9g/g8wH75EvzyS5VA+UKforxv8D4rP6QhBtlsNmH5tviJ77bHobdlmRy6p4se4nPqbe12h71nG4rv8RN7UYTp6WgVfgvHRa//OhOJFEn6cGBgQuu4jtOIZuxHzEb0CcGf+rcnYm/VDuHu9qQ1Durwi79E3uSb2RJdQDSf5OBr9T5tARUma7CX3XYernVbUptjf/84hk+DVlMWTRgr+SW4JUz6Hi9wA0Y/JyT1Jaw/ZEH2JqpkYX3BSl7Zbx1jLmpozELwoEnqf66uAjwEYvu9wWbfwjHMjslOwpX ssh-key-2025-03-28",
            "state": "ACTIVE",
            "subnet_ids": [
              "ocid1.subnet.oc1.iad.aaaaaaaaeflrvp3rjybprcxdcotdllejx4fwkfevgoosrl3ohsvhku3ur2wa"
            ],
            "timeouts": null
          },
          "sensitive_attributes": [],
          "private": "eyJlMmJmYjczMC1lY2FhLTExZTYtOGY4OC0zNDM2M2JjN2M0YzAiOnsiY3JlYXRlIjozMDAwMDAwMDAwMDAwLCJkZWxldGUiOjMwMDAwMDAwMDAwMDAsInVwZGF0ZSI6MzAwMDAwMDAwMDAwMH19",
          "dependencies": [
            "data.oci_containerengine_cluster_option.oke",
            "data.oci_identity_availability_domains.ads",
            "oci_containerengine_cluster.oke",
            "oci_core_internet_gateway.oke",
            "oci_core_route_table.public",
            "oci_core_security_list.oke",
            "oci_core_subnet.api",
            "oci_core_subnet.lb",
            "oci_core_subnet.nodes",
            "oci_core_vcn.oke"
          ]
        }
      ]
    },
    {
      "mode": "managed",
      "type": "oci_core_internet_gateway",
      "name": "oke",
      "provider": "provider[\"registry.terraform.io/oracle/oci\"]",
      "instances": [
        {
          "schema_version": 0,
          "attributes": {
            "compartment_id": "ocid1.compartment.oc1..aaaaaaaakudebt2qkiq7rigx53xbsanwjxzr42tw46ktdmyejwotqsclgo6q",
            "defined_tags": {
              "Oracle-Tags.CreatedBy": "default/prasanth.prasad@oracle.com",
              "Oracle-Tags.CreatedOn": "2026-03-17T17:22:20.481Z"
            },
            "display_name": "mlflow-oke-igw",
            "enabled": true,
            "freeform_tags": {},
            "id": "ocid1.internetgateway.oc1.iad.aaaaaaaau5qvxwsy6ynnfkoizm5g6ayyvh5sytcbztt5hj63jt7qepkgpnna",
            "route_table_id": null,
            "state": "AVAILABLE",
            "time_created": "2026-03-17 17:22:20.528 +0000 UTC",
            "timeouts": null,
            "vcn_id": "ocid1.vcn.oc1.iad.amaaaaaak6zxdwaamlnbzq3iilkqa4fdzd3khlor265hr557bnw2sab4bbfq"
          },
          "sensitive_attributes": [],
          "private": "eyJlMmJmYjczMC1lY2FhLTExZTYtOGY4OC0zNDM2M2JjN2M0YzAiOnsiY3JlYXRlIjoxMjAwMDAwMDAwMDAwLCJkZWxldGUiOjEyMDAwMDAwMDAwMDAsInVwZGF0ZSI6MTIwMDAwMDAwMDAwMH19",
          "dependencies": [
            "oci_core_vcn.oke"
          ]
        }
      ]
    },
    {
      "mode": "managed",
      "type": "oci_core_nat_gateway",
      "name": "oke",
      "provider": "provider[\"registry.terraform.io/oracle/oci\"]",
      "instances": [
        {
          "schema_version": 0,
          "attributes": {
            "block_traffic": false,
            "compartment_id": "ocid1.compartment.oc1..aaaaaaaakudebt2qkiq7rigx53xbsanwjxzr42tw46ktdmyejwotqsclgo6q",
            "defined_tags": {
              "Oracle-Tags.CreatedBy": "default/prasanth.prasad@oracle.com",
              "Oracle-Tags.CreatedOn": "2026-03-17T19:31:11.937Z"
            },
            "display_name": "mlflow-oke-nat",
            "freeform_tags": {},
            "id": "ocid1.natgateway.oc1.iad.aaaaaaaa3hrtxbgbueedbw7oovsdxjcmhfmuumbqzuujc4524axc46foog2q",
            "nat_ip": "129.80.176.253",
            "public_ip_id": "ocid1.publicip.oc1.iad.aaaaaaaafidfn3laua2rjeu43j5clzugu4qeaequyrolrytua3qwu4zaihjq",
            "route_table_id": null,
            "state": "AVAILABLE",
            "time_created": "2026-03-17 19:31:12.184 +0000 UTC",
            "timeouts": null,
            "vcn_id": "ocid1.vcn.oc1.iad.amaaaaaak6zxdwaamlnbzq3iilkqa4fdzd3khlor265hr557bnw2sab4bbfq"
          },
          "sensitive_attributes": [],
          "private": "eyJlMmJmYjczMC1lY2FhLTExZTYtOGY4OC0zNDM2M2JjN2M0YzAiOnsiY3JlYXRlIjoxMjAwMDAwMDAwMDAwLCJkZWxldGUiOjEyMDAwMDAwMDAwMDAsInVwZGF0ZSI6MTIwMDAwMDAwMDAwMH19",
          "dependencies": [
            "oci_core_vcn.oke"
          ]
        }
      ]
    },
    {
      "mode": "managed",
      "type": "oci_core_route_table",
      "name": "private",
      "provider": "provider[\"registry.terraform.io/oracle/oci\"]",
      "instances": [
        {
          "schema_version": 0,
          "attributes": {
            "compartment_id": "ocid1.compartment.oc1..aaaaaaaakudebt2qkiq7rigx53xbsanwjxzr42tw46ktdmyejwotqsclgo6q",
            "defined_tags": {
              "Oracle-Tags.CreatedBy": "default/prasanth.prasad@oracle.com",
              "Oracle-Tags.CreatedOn": "2026-03-17T19:31:13.142Z"
            },
            "display_name": "mlflow-oke-private-rt",
            "freeform_tags": {},
            "id": "ocid1.routetable.oc1.iad.aaaaaaaa6ptajdc3t7vj2x4hmbqrojalefbfsdvpm4kvz2ey64rhjkar52dq",
            "route_rules": [
              {
                "cidr_block": "",
                "description": "",
                "destination": "0.0.0.0/0",
                "destination_type": "CIDR_BLOCK",
                "network_entity_id": "ocid1.natgateway.oc1.iad.aaaaaaaa3hrtxbgbueedbw7oovsdxjcmhfmuumbqzuujc4524axc46foog2q",
                "route_type": "STATIC"
              }
            ],
            "state": "AVAILABLE",
            "time_created": "2026-03-17 19:31:13.179 +0000 UTC",
            "timeouts": null,
            "vcn_id": "ocid1.vcn.oc1.iad.amaaaaaak6zxdwaamlnbzq3iilkqa4fdzd3khlor265hr557bnw2sab4bbfq"
          },
          "sensitive_attributes": [],
          "private": "eyJlMmJmYjczMC1lY2FhLTExZTYtOGY4OC0zNDM2M2JjN2M0YzAiOnsiY3JlYXRlIjoxMjAwMDAwMDAwMDAwLCJkZWxldGUiOjEyMDAwMDAwMDAwMDAsInVwZGF0ZSI6MTIwMDAwMDAwMDAwMH19",
          "dependencies": [
            "oci_core_nat_gateway.oke",
            "oci_core_vcn.oke"
          ]
        }
      ]
    },
    {
      "mode": "managed",
      "type": "oci_core_route_table",
      "name": "public",
      "provider": "provider[\"registry.terraform.io/oracle/oci\"]",
      "instances": [
        {
          "schema_version": 0,
          "attributes": {
            "compartment_id": "ocid1.compartment.oc1..aaaaaaaakudebt2qkiq7rigx53xbsanwjxzr42tw46ktdmyejwotqsclgo6q",
            "defined_tags": {
              "Oracle-Tags.CreatedBy": "default/prasanth.prasad@oracle.com",
              "Oracle-Tags.CreatedOn": "2026-03-17T17:22:21.039Z"
            },
            "display_name": "mlflow-oke-public-rt",
            "freeform_tags": {},
            "id": "ocid1.routetable.oc1.iad.aaaaaaaaz2sfitohd6ao6arpc4uj3nreb3t4r44dzjx4bepx44p3ljzchfgq",
            "route_rules": [
              {
                "cidr_block": "",
                "description": "",
                "destination": "0.0.0.0/0",
                "destination_type": "CIDR_BLOCK",
                "network_entity_id": "ocid1.internetgateway.oc1.iad.aaaaaaaau5qvxwsy6ynnfkoizm5g6ayyvh5sytcbztt5hj63jt7qepkgpnna",
                "route_type": "STATIC"
              }
            ],
            "state": "AVAILABLE",
            "time_created": "2026-03-17 17:22:21.069 +0000 UTC",
            "timeouts": null,
            "vcn_id": "ocid1.vcn.oc1.iad.amaaaaaak6zxdwaamlnbzq3iilkqa4fdzd3khlor265hr557bnw2sab4bbfq"
          },
          "sensitive_attributes": [],
          "private": "eyJlMmJmYjczMC1lY2FhLTExZTYtOGY4OC0zNDM2M2JjN2M0YzAiOnsiY3JlYXRlIjoxMjAwMDAwMDAwMDAwLCJkZWxldGUiOjEyMDAwMDAwMDAwMDAsInVwZGF0ZSI6MTIwMDAwMDAwMDAwMH19",
          "dependencies": [
            "oci_core_internet_gateway.oke",
            "oci_core_vcn.oke"
          ]
        }
      ]
    },
    {
      "mode": "managed",
      "type": "oci_core_security_list",
      "name": "datascience",
      "provider": "provider[\"registry.terraform.io/oracle/oci\"]",
      "instances": [
        {
          "schema_version": 0,
          "attributes": {
            "compartment_id": "ocid1.compartment.oc1..aaaaaaaakudebt2qkiq7rigx53xbsanwjxzr42tw46ktdmyejwotqsclgo6q",
            "defined_tags": {
              "Oracle-Tags.CreatedBy": "default/prasanth.prasad@oracle.com",
              "Oracle-Tags.CreatedOn": "2026-03-17T19:31:11.923Z"
            },
            "display_name": "mlflow-oke-datascience-sl",
            "egress_security_rules": [
              {
                "description": "",
                "destination": "0.0.0.0/0",
                "destination_type": "CIDR_BLOCK",
                "icmp_options": [],
                "protocol": "all",
                "stateless": false,
                "tcp_options": [],
                "udp_options": []
              }
            ],
            "freeform_tags": {},
            "id": "ocid1.securitylist.oc1.iad.aaaaaaaamqhe4ppmlmoqyxbxujsoxr2achwyktbh55pdpugyw2wekitam5oa",
            "ingress_security_rules": [
              {
                "description": "",
                "icmp_options": [],
                "protocol": "all",
                "source": "10.0.0.0/16",
                "source_type": "CIDR_BLOCK",
                "stateless": false,
                "tcp_options": [],
                "udp_options": []
              }
            ],
            "state": "AVAILABLE",
            "time_created": "2026-03-17 19:31:11.95 +0000 UTC",
            "timeouts": null,
            "vcn_id": "ocid1.vcn.oc1.iad.amaaaaaak6zxdwaamlnbzq3iilkqa4fdzd3khlor265hr557bnw2sab4bbfq"
          },
          "sensitive_attributes": [],
          "private": "eyJlMmJmYjczMC1lY2FhLTExZTYtOGY4OC0zNDM2M2JjN2M0YzAiOnsiY3JlYXRlIjoxMjAwMDAwMDAwMDAwLCJkZWxldGUiOjEyMDAwMDAwMDAwMDAsInVwZGF0ZSI6MTIwMDAwMDAwMDAwMH19",
          "dependencies": [
            "oci_core_vcn.oke"
          ]
        }
      ]
    },
    {
      "mode": "managed",
      "type": "oci_core_security_list",
      "name": "oke",
      "provider": "provider[\"registry.terraform.io/oracle/oci\"]",
      "instances": [
        {
          "schema_version": 0,
          "attributes": {
            "compartment_id": "ocid1.compartment.oc1..aaaaaaaakudebt2qkiq7rigx53xbsanwjxzr42tw46ktdmyejwotqsclgo6q",
            "defined_tags": {
              "Oracle-Tags.CreatedBy": "default/prasanth.prasad@oracle.com",
              "Oracle-Tags.CreatedOn": "2026-03-17T17:22:20.538Z"
            },
            "display_name": "mlflow-oke-sl",
            "egress_security_rules": [
              {
                "description": "",
                "destination": "0.0.0.0/0",
                "destination_type": "CIDR_BLOCK",
                "icmp_options": [],
                "protocol": "all",
                "stateless": false,
                "tcp_options": [],
                "udp_options": []
              },
              {
                "description": "",
                "destination": "10.0.1.0/24",
                "destination_type": "CIDR_BLOCK",
                "icmp_options": [],
                "protocol": "6",
                "stateless": false,
                "tcp_options": [
                  {
                    "max": 10256,
                    "min": 10256,
                    "source_port_range": []
                  }
                ],
                "udp_options": []
              },
              {
                "description": "",
                "destination": "10.0.1.0/24",
                "destination_type": "CIDR_BLOCK",
                "icmp_options": [],
                "protocol": "6",
                "stateless": false,
                "tcp_options": [
                  {
                    "max": 32544,
                    "min": 32544,
                    "source_port_range": []
                  }
                ],
                "udp_options": []
              }
            ],
            "freeform_tags": {},
            "id": "ocid1.securitylist.oc1.iad.aaaaaaaa7diici5ipevxa4vq6z2t2d7lx3eqv52yyprqwc7rqatii7swyroa",
            "ingress_security_rules": [
              {
                "description": "",
                "icmp_options": [],
                "protocol": "6",
                "source": "0.0.0.0/0",
                "source_type": "CIDR_BLOCK",
                "stateless": false,
                "tcp_options": [
                  {
                    "max": 22,
                    "min": 22,
                    "source_port_range": []
                  }
                ],
                "udp_options": []
              },
              {
                "description": "",
                "icmp_options": [],
                "protocol": "6",
                "source": "0.0.0.0/0",
                "source_type": "CIDR_BLOCK",
                "stateless": false,
                "tcp_options": [
                  {
                    "max": 443,
                    "min": 443,
                    "source_port_range": []
                  }
                ],
                "udp_options": []
              },
              {
                "description": "",
                "icmp_options": [],
                "protocol": "6",
                "source": "0.0.0.0/0",
                "source_type": "CIDR_BLOCK",
                "stateless": false,
                "tcp_options": [
                  {
                    "max": 6443,
                    "min": 6443,
                    "source_port_range": []
                  }
                ],
                "udp_options": []
              },
              {
                "description": "",
                "icmp_options": [],
                "protocol": "6",
                "source": "0.0.0.0/0",
                "source_type": "CIDR_BLOCK",
                "stateless": false,
                "tcp_options": [
                  {
                    "max": 80,
                    "min": 80,
                    "source_port_range": []
                  }
                ],
                "udp_options": []
              },
              {
                "description": "",
                "icmp_options": [],
                "protocol": "6",
                "source": "10.0.2.0/24",
                "source_type": "CIDR_BLOCK",
                "stateless": false,
                "tcp_options": [
                  {
                    "max": 10256,
                    "min": 10256,
                    "source_port_range": []
                  }
                ],
                "udp_options": []
              },
              {
                "description": "",
                "icmp_options": [],
                "protocol": "6",
                "source": "10.0.2.0/24",
                "source_type": "CIDR_BLOCK",
                "stateless": false,
                "tcp_options": [
                  {
                    "max": 32544,
                    "min": 32544,
                    "source_port_range": []
                  }
                ],
                "udp_options": []
              },
              {
                "description": "",
                "icmp_options": [],
                "protocol": "all",
                "source": "10.0.0.0/16",
                "source_type": "CIDR_BLOCK",
                "stateless": false,
                "tcp_options": [],
                "udp_options": []
              }
            ],
            "state": "AVAILABLE",
            "time_created": "2026-03-17 17:22:20.591 +0000 UTC",
            "timeouts": null,
            "vcn_id": "ocid1.vcn.oc1.iad.amaaaaaak6zxdwaamlnbzq3iilkqa4fdzd3khlor265hr557bnw2sab4bbfq"
          },
          "sensitive_attributes": [],
          "private": "eyJlMmJmYjczMC1lY2FhLTExZTYtOGY4OC0zNDM2M2JjN2M0YzAiOnsiY3JlYXRlIjoxMjAwMDAwMDAwMDAwLCJkZWxldGUiOjEyMDAwMDAwMDAwMDAsInVwZGF0ZSI6MTIwMDAwMDAwMDAwMH19",
          "dependencies": [
            "oci_core_vcn.oke"
          ]
        }
      ]
    },
    {
      "mode": "managed",
      "type": "oci_core_subnet",
      "name": "api",
      "provider": "provider[\"registry.terraform.io/oracle/oci\"]",
      "instances": [
        {
          "schema_version": 0,
          "attributes": {
            "availability_domain": null,
            "cidr_block": "10.0.0.0/24",
            "compartment_id": "ocid1.compartment.oc1..aaaaaaaakudebt2qkiq7rigx53xbsanwjxzr42tw46ktdmyejwotqsclgo6q",
            "defined_tags": {
              "Oracle-Tags.CreatedBy": "default/prasanth.prasad@oracle.com",
              "Oracle-Tags.CreatedOn": "2026-03-17T17:22:21.605Z"
            },
            "dhcp_options_id": "ocid1.dhcpoptions.oc1.iad.aaaaaaaanz3c5ffbbeoc7ux7shlnt7fyyuba7o7ga5xwyksnjsxuxm4ozhdq",
            "display_name": "mlflow-oke-api-subnet",
            "dns_label": "apisub",
            "freeform_tags": {},
            "id": "ocid1.subnet.oc1.iad.aaaaaaaacottvim3hsrl5yskahewei462miytafujmekykzx2bym33pejjka",
            "ipv4cidr_blocks": [
              "10.0.0.0/24"
            ],
            "ipv6cidr_block": null,
            "ipv6cidr_blocks": [],
            "ipv6virtual_router_ip": null,
            "prohibit_internet_ingress": false,
            "prohibit_public_ip_on_vnic": false,
            "route_table_id": "ocid1.routetable.oc1.iad.aaaaaaaaz2sfitohd6ao6arpc4uj3nreb3t4r44dzjx4bepx44p3ljzchfgq",
            "security_list_ids": [
              "ocid1.securitylist.oc1.iad.aaaaaaaa7diici5ipevxa4vq6z2t2d7lx3eqv52yyprqwc7rqatii7swyroa"
            ],
            "state": "AVAILABLE",
            "subnet_domain_name": "apisub.okevcn.oraclevcn.com",
            "time_created": "2026-03-17 17:22:22.314 +0000 UTC",
            "timeouts": null,
            "vcn_id": "ocid1.vcn.oc1.iad.amaaaaaak6zxdwaamlnbzq3iilkqa4fdzd3khlor265hr557bnw2sab4bbfq",
            "virtual_router_ip": "10.0.0.1",
            "virtual_router_mac": "00:00:17:54:06:EB"
          },
          "sensitive_attributes": [],
          "private": "eyJlMmJmYjczMC1lY2FhLTExZTYtOGY4OC0zNDM2M2JjN2M0YzAiOnsiY3JlYXRlIjoxMjAwMDAwMDAwMDAwLCJkZWxldGUiOjEyMDAwMDAwMDAwMDAsInVwZGF0ZSI6MTIwMDAwMDAwMDAwMH19",
          "dependencies": [
            "oci_core_internet_gateway.oke",
            "oci_core_route_table.public",
            "oci_core_security_list.oke",
            "oci_core_vcn.oke"
          ]
        }
      ]
    },
    {
      "mode": "managed",
      "type": "oci_core_subnet",
      "name": "datascience",
      "provider": "provider[\"registry.terraform.io/oracle/oci\"]",
      "instances": [
        {
          "schema_version": 0,
          "attributes": {
            "availability_domain": null,
            "cidr_block": "10.0.3.0/24",
            "compartment_id": "ocid1.compartment.oc1..aaaaaaaakudebt2qkiq7rigx53xbsanwjxzr42tw46ktdmyejwotqsclgo6q",
            "defined_tags": {
              "Oracle-Tags.CreatedBy": "default/prasanth.prasad@oracle.com",
              "Oracle-Tags.CreatedOn": "2026-03-17T19:31:13.820Z"
            },
            "dhcp_options_id": "ocid1.dhcpoptions.oc1.iad.aaaaaaaanz3c5ffbbeoc7ux7shlnt7fyyuba7o7ga5xwyksnjsxuxm4ozhdq",
            "display_name": "mlflow-oke-datascience-subnet",
            "dns_label": "dssub",
            "freeform_tags": {},
            "id": "ocid1.subnet.oc1.iad.aaaaaaaat4p34tsf6r5yt2isaexdgjbc7ikbkxan2ty6i6zayd2zmwxpbngq",
            "ipv4cidr_blocks": [
              "10.0.3.0/24"
            ],
            "ipv6cidr_block": null,
            "ipv6cidr_blocks": [],
            "ipv6virtual_router_ip": null,
            "prohibit_internet_ingress": true,
            "prohibit_public_ip_on_vnic": true,
            "route_table_id": "ocid1.routetable.oc1.iad.aaaaaaaa6ptajdc3t7vj2x4hmbqrojalefbfsdvpm4kvz2ey64rhjkar52dq",
            "security_list_ids": [
              "ocid1.securitylist.oc1.iad.aaaaaaaamqhe4ppmlmoqyxbxujsoxr2achwyktbh55pdpugyw2wekitam5oa"
            ],
            "state": "AVAILABLE",
            "subnet_domain_name": "dssub.okevcn.oraclevcn.com",
            "time_created": "2026-03-17 19:31:13.87 +0000 UTC",
            "timeouts": null,
            "vcn_id": "ocid1.vcn.oc1.iad.amaaaaaak6zxdwaamlnbzq3iilkqa4fdzd3khlor265hr557bnw2sab4bbfq",
            "virtual_router_ip": "10.0.3.1",
            "virtual_router_mac": "00:00:17:54:06:EB"
          },
          "sensitive_attributes": [],
          "private": "eyJlMmJmYjczMC1lY2FhLTExZTYtOGY4OC0zNDM2M2JjN2M0YzAiOnsiY3JlYXRlIjoxMjAwMDAwMDAwMDAwLCJkZWxldGUiOjEyMDAwMDAwMDAwMDAsInVwZGF0ZSI6MTIwMDAwMDAwMDAwMH19",
          "dependencies": [
            "oci_core_nat_gateway.oke",
            "oci_core_route_table.private",
            "oci_core_security_list.datascience",
            "oci_core_vcn.oke"
          ]
        }
      ]
    },
    {
      "mode": "managed",
      "type": "oci_core_subnet",
      "name": "lb",
      "provider": "provider[\"registry.terraform.io/oracle/oci\"]",
      "instances": [
        {
          "schema_version": 0,
          "attributes": {
            "availability_domain": null,
            "cidr_block": "10.0.2.0/24",
            "compartment_id": "ocid1.compartment.oc1..aaaaaaaakudebt2qkiq7rigx53xbsanwjxzr42tw46ktdmyejwotqsclgo6q",
            "defined_tags": {
              "Oracle-Tags.CreatedBy": "default/prasanth.prasad@oracle.com",
              "Oracle-Tags.CreatedOn": "2026-03-17T17:22:21.564Z"
            },
            "dhcp_options_id": "ocid1.dhcpoptions.oc1.iad.aaaaaaaanz3c5ffbbeoc7ux7shlnt7fyyuba7o7ga5xwyksnjsxuxm4ozhdq",
            "display_name": "mlflow-oke-lb-subnet",
            "dns_label": "lbsub",
            "freeform_tags": {},
            "id": "ocid1.subnet.oc1.iad.aaaaaaaa2ihxoqx3ldnkakedng6iud3r5l2nhu7ghvk53jp3zeezz7dbyc6a",
            "ipv4cidr_blocks": [
              "10.0.2.0/24"
            ],
            "ipv6cidr_block": null,
            "ipv6cidr_blocks": [],
            "ipv6virtual_router_ip": null,
            "prohibit_internet_ingress": false,
            "prohibit_public_ip_on_vnic": false,
            "route_table_id": "ocid1.routetable.oc1.iad.aaaaaaaaz2sfitohd6ao6arpc4uj3nreb3t4r44dzjx4bepx44p3ljzchfgq",
            "security_list_ids": [
              "ocid1.securitylist.oc1.iad.aaaaaaaa7diici5ipevxa4vq6z2t2d7lx3eqv52yyprqwc7rqatii7swyroa"
            ],
            "state": "AVAILABLE",
            "subnet_domain_name": "lbsub.okevcn.oraclevcn.com",
            "time_created": "2026-03-17 17:22:21.884 +0000 UTC",
            "timeouts": null,
            "vcn_id": "ocid1.vcn.oc1.iad.amaaaaaak6zxdwaamlnbzq3iilkqa4fdzd3khlor265hr557bnw2sab4bbfq",
            "virtual_router_ip": "10.0.2.1",
            "virtual_router_mac": "00:00:17:54:06:EB"
          },
          "sensitive_attributes": [],
          "private": "eyJlMmJmYjczMC1lY2FhLTExZTYtOGY4OC0zNDM2M2JjN2M0YzAiOnsiY3JlYXRlIjoxMjAwMDAwMDAwMDAwLCJkZWxldGUiOjEyMDAwMDAwMDAwMDAsInVwZGF0ZSI6MTIwMDAwMDAwMDAwMH19",
          "dependencies": [
            "oci_core_internet_gateway.oke",
            "oci_core_route_table.public",
            "oci_core_security_list.oke",
            "oci_core_vcn.oke"
          ]
        }
      ]
    },
    {
      "mode": "managed",
      "type": "oci_core_subnet",
      "name": "nodes",
      "provider": "provider[\"registry.terraform.io/oracle/oci\"]",
      "instances": [
        {
          "schema_version": 0,
          "attributes": {
            "availability_domain": null,
            "cidr_block": "10.0.1.0/24",
            "compartment_id": "ocid1.compartment.oc1..aaaaaaaakudebt2qkiq7rigx53xbsanwjxzr42tw46ktdmyejwotqsclgo6q",
            "defined_tags": {
              "Oracle-Tags.CreatedBy": "default/prasanth.prasad@oracle.com",
              "Oracle-Tags.CreatedOn": "2026-03-17T17:22:21.447Z"
            },
            "dhcp_options_id": "ocid1.dhcpoptions.oc1.iad.aaaaaaaanz3c5ffbbeoc7ux7shlnt7fyyuba7o7ga5xwyksnjsxuxm4ozhdq",
            "display_name": "mlflow-oke-nodes-subnet",
            "dns_label": "nodesub",
            "freeform_tags": {},
            "id": "ocid1.subnet.oc1.iad.aaaaaaaaeflrvp3rjybprcxdcotdllejx4fwkfevgoosrl3ohsvhku3ur2wa",
            "ipv4cidr_blocks": [
              "10.0.1.0/24"
            ],
            "ipv6cidr_block": null,
            "ipv6cidr_blocks": [],
            "ipv6virtual_router_ip": null,
            "prohibit_internet_ingress": false,
            "prohibit_public_ip_on_vnic": false,
            "route_table_id": "ocid1.routetable.oc1.iad.aaaaaaaaz2sfitohd6ao6arpc4uj3nreb3t4r44dzjx4bepx44p3ljzchfgq",
            "security_list_ids": [
              "ocid1.securitylist.oc1.iad.aaaaaaaa7diici5ipevxa4vq6z2t2d7lx3eqv52yyprqwc7rqatii7swyroa"
            ],
            "state": "AVAILABLE",
            "subnet_domain_name": "nodesub.okevcn.oraclevcn.com",
            "time_created": "2026-03-17 17:22:21.488 +0000 UTC",
            "timeouts": null,
            "vcn_id": "ocid1.vcn.oc1.iad.amaaaaaak6zxdwaamlnbzq3iilkqa4fdzd3khlor265hr557bnw2sab4bbfq",
            "virtual_router_ip": "10.0.1.1",
            "virtual_router_mac": "00:00:17:54:06:EB"
          },
          "sensitive_attributes": [],
          "private": "eyJlMmJmYjczMC1lY2FhLTExZTYtOGY4OC0zNDM2M2JjN2M0YzAiOnsiY3JlYXRlIjoxMjAwMDAwMDAwMDAwLCJkZWxldGUiOjEyMDAwMDAwMDAwMDAsInVwZGF0ZSI6MTIwMDAwMDAwMDAwMH19",
          "dependencies": [
            "oci_core_internet_gateway.oke",
            "oci_core_route_table.public",
            "oci_core_security_list.oke",
            "oci_core_vcn.oke"
          ]
        }
      ]
    },
    {
      "mode": "managed",
      "type": "oci_core_vcn",
      "name": "oke",
      "provider": "provider[\"registry.terraform.io/oracle/oci\"]",
      "instances": [
        {
          "schema_version": 0,
          "attributes": {
            "byoipv6cidr_blocks": [],
            "byoipv6cidr_details": [],
            "cidr_block": "10.0.0.0/16",
            "cidr_blocks": [
              "10.0.0.0/16"
            ],
            "compartment_id": "ocid1.compartment.oc1..aaaaaaaakudebt2qkiq7rigx53xbsanwjxzr42tw46ktdmyejwotqsclgo6q",
            "default_dhcp_options_id": "ocid1.dhcpoptions.oc1.iad.aaaaaaaanz3c5ffbbeoc7ux7shlnt7fyyuba7o7ga5xwyksnjsxuxm4ozhdq",
            "default_route_table_id": "ocid1.routetable.oc1.iad.aaaaaaaaihy7jmwyxfoo2najno276ovpbzpxrhl3rga7t3w2zlguywvfyfca",
            "default_security_list_id": "ocid1.securitylist.oc1.iad.aaaaaaaazq3g46a3dunac37u3hylqo7xj4qdhopvzdfdbgqwcm6pv262py6a",
            "defined_tags": {
              "Oracle-Tags.CreatedBy": "default/prasanth.prasad@oracle.com",
              "Oracle-Tags.CreatedOn": "2026-03-17T17:22:19.785Z"
            },
            "display_name": "mlflow-oke-vcn",
            "dns_label": "okevcn",
            "freeform_tags": {},
            "id": "ocid1.vcn.oc1.iad.amaaaaaak6zxdwaamlnbzq3iilkqa4fdzd3khlor265hr557bnw2sab4bbfq",
            "ipv6cidr_blocks": [],
            "ipv6private_cidr_blocks": [],
            "is_ipv6enabled": false,
            "is_oracle_gua_allocation_enabled": null,
            "security_attributes": {},
            "state": "AVAILABLE",
            "time_created": "2026-03-17 17:22:19.863 +0000 UTC",
            "timeouts": null,
            "vcn_domain_name": "okevcn.oraclevcn.com"
          },
          "sensitive_attributes": [],
          "private": "eyJlMmJmYjczMC1lY2FhLTExZTYtOGY4OC0zNDM2M2JjN2M0YzAiOnsiY3JlYXRlIjoxMjAwMDAwMDAwMDAwLCJkZWxldGUiOjEyMDAwMDAwMDAwMDAsInVwZGF0ZSI6MTIwMDAwMDAwMDAwMH19"
        }
      ]
    },
    {
      "mode": "managed",
      "type": "oci_datascience_job",
      "name": "training",
      "provider": "provider[\"registry.terraform.io/oracle/oci\"]",
      "instances": [
        {
          "index_key": 0,
          "schema_version": 0,
          "attributes": {
            "artifact_content_disposition": null,
            "artifact_content_length": null,
            "artifact_content_md5": null,
            "artifact_last_modified": null,
            "compartment_id": "ocid1.compartment.oc1..aaaaaaaakudebt2qkiq7rigx53xbsanwjxzr42tw46ktdmyejwotqsclgo6q",
            "created_by": "ocid1.user.oc1..aaaaaaaaso2v2aebeh3og264mevb3vvfaclto7dbkbk3plevtqkvy64uqrcq",
            "defined_tags": {
              "Oracle-Tags.CreatedBy": "default/prasanth.prasad@oracle.com",
              "Oracle-Tags.CreatedOn": "2026-03-19T16:15:14.158Z"
            },
            "delete_related_job_runs": true,
            "description": null,
            "display_name": "mlflow-training-job",
            "empty_artifact": true,
            "freeform_tags": {},
            "id": "ocid1.datasciencejob.oc1.iad.amaaaaaak6zxdwaaxc5rf7dcngvkqqxoyn6beu2r7uj5prptrkenkq5f5wwa",
            "job_artifact": null,
            "job_configuration_details": [
              {
                "command_line_arguments": "bash training/run_training.sh",
                "environment_variables": {
                  "MLFLOW_EXPERIMENT_NAME": "basic-iris-training-pipeline",
                  "MLFLOW_REGISTERED_MODEL_NAME": "iris-logreg-model",
                  "MLFLOW_TRACKING_URI": "http://129.80.216.101"
                },
                "job_type": "DEFAULT",
                "maximum_runtime_in_minutes": "43200",
                "startup_probe_details": []
              }
            ],
            "job_environment_configuration_details": [
              {
                "cmd": [],
                "entrypoint": [],
                "image": "iad.ocir.io/idxlfhtrvfsa/mlflow-training-test:latest",
                "image_digest": "",
                "image_signature_id": "",
                "job_environment_type": "OCIR_CONTAINER"
              }
            ],
            "job_infrastructure_configuration_details": [
              {
                "block_storage_size_in_gbs": 100,
                "job_infrastructure_type": "STANDALONE",
                "job_shape_config_details": [
                  {
                    "cpu_baseline": "",
                    "memory_in_gbs": 16,
                    "ocpus": 1
                  }
                ],
                "shape_name": "VM.Standard.E4.Flex",
                "subnet_id": "ocid1.subnet.oc1.iad.aaaaaaaat4p34tsf6r5yt2isaexdgjbc7ikbkxan2ty6i6zayd2zmwxpbngq"
              }
            ],
            "job_log_configuration_details": [],
            "job_node_configuration_details": [],
            "job_storage_mount_configuration_details_list": [],
            "lifecycle_details": null,
            "project_id": "ocid1.datascienceproject.oc1.iad.amaaaaaak6zxdwaakkgzcymsvyx6776nw5uzbwzt5m55jtrr6cdjuvkxmula",
            "state": "ACTIVE",
            "time_created": "2026-03-19 16:15:14.232 +0000 UTC",
            "timeouts": null
          },
          "sensitive_attributes": [],
          "private": "eyJlMmJmYjczMC1lY2FhLTExZTYtOGY4OC0zNDM2M2JjN2M0YzAiOnsiY3JlYXRlIjoxMjAwMDAwMDAwMDAwLCJkZWxldGUiOjEyMDAwMDAwMDAwMDAsInVwZGF0ZSI6MTIwMDAwMDAwMDAwMH19",
          "dependencies": [
            "oci_core_nat_gateway.oke",
            "oci_core_route_table.private",
            "oci_core_security_list.datascience",
            "oci_core_subnet.datascience",
            "oci_core_vcn.oke",
            "oci_datascience_project.mlflow_test"
          ]
        }
      ]
    },
    {
      "mode": "managed",
      "type": "oci_devops_build_pipeline",
      "name": "mlflow_training",
      "provider": "provider[\"registry.terraform.io/oracle/oci\"]",
      "instances": [
        {
          "index_key": 0,
          "schema_version": 0,
          "attributes": {
            "build_pipeline_parameters": [
              {
                "items": []
              }
            ],
            "compartment_id": "ocid1.compartment.oc1..aaaaaaaakudebt2qkiq7rigx53xbsanwjxzr42tw46ktdmyejwotqsclgo6q",
            "defined_tags": {
              "Oracle-Tags.CreatedBy": "default/prasanth.prasad@oracle.com",
              "Oracle-Tags.CreatedOn": "2026-03-18T23:10:00.831Z"
            },
            "description": "Build pipeline for packaging training code and triggering Data Science job.",
            "display_name": "mlflow-training-build-pipeline",
            "freeform_tags": {},
            "id": "ocid1.devopsbuildpipeline.oc1.iad.amaaaaaak6zxdwaajirlhxeqzqqf34fntnxbp72vzqssbm4ovqylewtrvm2a",
            "lifecycle_details": null,
            "project_id": "ocid1.devopsproject.oc1.iad.amaaaaaak6zxdwaatcovgnrvjxotarspztp6wfemcqwpci6zipugrpwuqbdq",
            "state": "ACTIVE",
            "system_tags": {},
            "time_created": "2026-03-18 23:10:01.051 +0000 UTC",
            "time_updated": "2026-03-18 23:10:14.494 +0000 UTC",
            "timeouts": null
          },
          "sensitive_attributes": [],
          "private": "eyJlMmJmYjczMC1lY2FhLTExZTYtOGY4OC0zNDM2M2JjN2M0YzAiOnsiY3JlYXRlIjoxMjAwMDAwMDAwMDAwLCJkZWxldGUiOjEyMDAwMDAwMDAwMDAsInVwZGF0ZSI6MTIwMDAwMDAwMDAwMH19",
          "dependencies": [
            "oci_devops_project.mlflow_training",
            "oci_ons_notification_topic.devops"
          ]
        }
      ]
    },
    {
      "mode": "managed",
      "type": "oci_devops_build_pipeline_stage",
      "name": "build_and_deploy",
      "provider": "provider[\"registry.terraform.io/oracle/oci\"]",
      "instances": [
        {
          "index_key": 0,
          "schema_version": 0,
          "attributes": {
            "build_pipeline_id": "ocid1.devopsbuildpipeline.oc1.iad.amaaaaaak6zxdwaajirlhxeqzqqf34fntnxbp72vzqssbm4ovqylewtrvm2a",
            "build_pipeline_stage_predecessor_collection": [
              {
                "items": [
                  {
                    "id": "ocid1.devopsbuildpipeline.oc1.iad.amaaaaaak6zxdwaajirlhxeqzqqf34fntnxbp72vzqssbm4ovqylewtrvm2a"
                  }
                ]
              }
            ],
            "build_pipeline_stage_type": "BUILD",
            "build_runner_shape_config": [
              {
                "build_runner_type": "DEFAULT",
                "memory_in_gbs": 0,
                "ocpus": 0
              }
            ],
            "build_source_collection": [
              {
                "items": [
                  {
                    "branch": "main",
                    "connection_id": "ocid1.devopsconnection.oc1.iad.amaaaaaak6zxdwaapff7a3lgyd2fiumizl62dnyhpi2txx6zguallyh655bq",
                    "connection_type": "GITHUB",
                    "name": "github_source",
                    "repository_id": "",
                    "repository_url": "https://github.com/prasanthmp/cloud-native-samples.git"
                  }
                ]
              }
            ],
            "build_spec_file": "oci-terraform-solutions/oke-mlops-mlflow/devops/build_spec.yaml",
            "compartment_id": "ocid1.compartment.oc1..aaaaaaaakudebt2qkiq7rigx53xbsanwjxzr42tw46ktdmyejwotqsclgo6q",
            "defined_tags": {
              "Oracle-Tags.CreatedBy": "default/prasanth.prasad@oracle.com",
              "Oracle-Tags.CreatedOn": "2026-03-18T23:45:02.297Z"
            },
            "deliver_artifact_collection": [],
            "deploy_pipeline_id": null,
            "description": "",
            "display_name": "build-and-deploy-training",
            "freeform_tags": {},
            "id": "ocid1.devopsbuildpipelinestage.oc1.iad.amaaaaaak6zxdwaaxbytyyen7w4wfkeeyv3l54i7p2a2aec6y7rgvb5w64cq",
            "image": "OL7_X86_64_STANDARD_10",
            "is_pass_all_parameters_enabled": null,
            "lifecycle_details": null,
            "primary_build_source": "github_source",
            "private_access_config": [],
            "project_id": "ocid1.devopsproject.oc1.iad.amaaaaaak6zxdwaatcovgnrvjxotarspztp6wfemcqwpci6zipugrpwuqbdq",
            "stage_execution_timeout_in_seconds": 36000,
            "state": "ACTIVE",
            "system_tags": {},
            "time_created": "2026-03-18 23:45:02.579 +0000 UTC",
            "time_updated": "2026-03-18 23:45:02.579 +0000 UTC",
            "timeouts": null,
            "wait_criteria": []
          },
          "sensitive_attributes": [],
          "private": "eyJlMmJmYjczMC1lY2FhLTExZTYtOGY4OC0zNDM2M2JjN2M0YzAiOnsiY3JlYXRlIjoxMjAwMDAwMDAwMDAwLCJkZWxldGUiOjEyMDAwMDAwMDAwMDAsInVwZGF0ZSI6MTIwMDAwMDAwMDAwMH19",
          "dependencies": [
            "oci_devops_build_pipeline.mlflow_training",
            "oci_devops_connection.github",
            "oci_devops_project.mlflow_training",
            "oci_ons_notification_topic.devops"
          ]
        }
      ]
    },
    {
      "mode": "managed",
      "type": "oci_devops_connection",
      "name": "github",
      "provider": "provider[\"registry.terraform.io/oracle/oci\"]",
      "instances": [
        {
          "index_key": 0,
          "schema_version": 0,
          "attributes": {
            "access_token": "ocid1.vaultsecret.oc1.iad.amaaaaaak6zxdwaaybkmxllwnk2mfri2adsjzicttuxyawtwy7gtyrqpi5ta",
            "app_password": null,
            "base_url": null,
            "compartment_id": "ocid1.compartment.oc1..aaaaaaaakudebt2qkiq7rigx53xbsanwjxzr42tw46ktdmyejwotqsclgo6q",
            "connection_type": "GITHUB_ACCESS_TOKEN",
            "defined_tags": {
              "Oracle-Tags.CreatedBy": "default/prasanth.prasad@oracle.com",
              "Oracle-Tags.CreatedOn": "2026-03-18T23:10:00.800Z"
            },
            "description": "Terraform-managed GitHub external connection backed by OCI Vault secret.",
            "display_name": "mlflow-training-github-connection",
            "freeform_tags": {},
            "id": "ocid1.devopsconnection.oc1.iad.amaaaaaak6zxdwaapff7a3lgyd2fiumizl62dnyhpi2txx6zguallyh655bq",
            "last_connection_validation_result": [
              {
                "message": "The connection validation passed. Please note it does not ensure the mirroring or build run will succeed.",
                "result": "PASS",
                "time_validated": "2026-03-18 23:17:40.009 +0000 UTC"
              }
            ],
            "project_id": "ocid1.devopsproject.oc1.iad.amaaaaaak6zxdwaatcovgnrvjxotarspztp6wfemcqwpci6zipugrpwuqbdq",
            "state": "ACTIVE",
            "system_tags": {
              "orcl-cloud.free-tier-retained": "true"
            },
            "time_created": "2026-03-18 23:10:00.912 +0000 UTC",
            "time_updated": "2026-03-18 23:10:00.912 +0000 UTC",
            "timeouts": null,
            "tls_verify_config": [],
            "username": null
          },
          "sensitive_attributes": [
            [
              {
                "type": "get_attr",
                "value": "app_password"
              }
            ]
          ],
          "private": "eyJlMmJmYjczMC1lY2FhLTExZTYtOGY4OC0zNDM2M2JjN2M0YzAiOnsiY3JlYXRlIjoxMjAwMDAwMDAwMDAwLCJkZWxldGUiOjEyMDAwMDAwMDAwMDAsInVwZGF0ZSI6MTIwMDAwMDAwMDAwMH19",
          "dependencies": [
            "oci_devops_project.mlflow_training",
            "oci_ons_notification_topic.devops"
          ]
        }
      ]
    },
    {
      "mode": "managed",
      "type": "oci_devops_project",
      "name": "mlflow_training",
      "provider": "provider[\"registry.terraform.io/oracle/oci\"]",
      "instances": [
        {
          "index_key": 0,
          "schema_version": 0,
          "attributes": {
            "compartment_id": "ocid1.compartment.oc1..aaaaaaaakudebt2qkiq7rigx53xbsanwjxzr42tw46ktdmyejwotqsclgo6q",
            "defined_tags": {
              "Oracle-Tags.CreatedBy": "default/prasanth.prasad@oracle.com",
              "Oracle-Tags.CreatedOn": "2026-03-18T23:10:00.063Z"
            },
            "description": "DevOps project for MLflow training pipeline.",
            "freeform_tags": {},
            "id": "ocid1.devopsproject.oc1.iad.amaaaaaak6zxdwaatcovgnrvjxotarspztp6wfemcqwpci6zipugrpwuqbdq",
            "lifecycle_details": "",
            "name": "mlflow-training-devops",
            "namespace": "idxlfhtrvfsa",
            "notification_config": [
              {
                "topic_id": "ocid1.onstopic.oc1.iad.amaaaaaak6zxdwaa7nzonyacnx3xibqfvdjoqu6elgjb7t44kr6kgdutbwnq"
              }
            ],
            "state": "ACTIVE",
            "system_tags": {
              "orcl-cloud.free-tier-retained": "true"
            },
            "time_created": "2026-03-18 23:10:00.225 +0000 UTC",
            "time_updated": "2026-03-19 19:59:39.83 +0000 UTC",
            "timeouts": null
          },
          "sensitive_attributes": [],
          "private": "eyJlMmJmYjczMC1lY2FhLTExZTYtOGY4OC0zNDM2M2JjN2M0YzAiOnsiY3JlYXRlIjoxMjAwMDAwMDAwMDAwLCJkZWxldGUiOjEyMDAwMDAwMDAwMDAsInVwZGF0ZSI6MTIwMDAwMDAwMDAwMH19",
          "dependencies": [
            "oci_ons_notification_topic.devops"
          ]
        }
      ]
    },
    {
      "mode": "managed",
      "type": "oci_devops_trigger",
      "name": "github_push_build",
      "provider": "provider[\"registry.terraform.io/oracle/oci\"]",
      "instances": [
        {
          "index_key": 0,
          "schema_version": 0,
          "attributes": {
            "actions": [
              {
                "build_pipeline_id": "ocid1.devopsbuildpipeline.oc1.iad.amaaaaaak6zxdwaajirlhxeqzqqf34fntnxbp72vzqssbm4ovqylewtrvm2a",
                "filter": [
                  {
                    "events": [
                      "PUSH"
                    ],
                    "exclude": [],
                    "include": [
                      {
                        "base_ref": "",
                        "file_filter": [
                          {
                            "file_paths": [
                              "training/**",
                              "oci-terraform-solutions/oke-mlops-mlflow/training/**"
                            ]
                          }
                        ],
                        "head_ref": "refs/heads/main",
                        "repository_name": ""
                      }
                    ],
                    "trigger_source": "GITHUB"
                  }
                ],
                "type": "TRIGGER_BUILD_PIPELINE"
              }
            ],
            "compartment_id": "ocid1.compartment.oc1..aaaaaaaakudebt2qkiq7rigx53xbsanwjxzr42tw46ktdmyejwotqsclgo6q",
            "connection_id": "ocid1.devopsconnection.oc1.iad.amaaaaaak6zxdwaapff7a3lgyd2fiumizl62dnyhpi2txx6zguallyh655bq",
            "defined_tags": {
              "Oracle-Tags.CreatedBy": "default/prasanth.prasad@oracle.com",
              "Oracle-Tags.CreatedOn": "2026-03-18T23:10:20.270Z"
            },
            "description": "",
            "display_name": "github-push-trigger",
            "freeform_tags": {},
            "id": "ocid1.devopstrigger.oc1.iad.amaaaaaak6zxdwaaglqduceze6kjc5rf5wnsb5nm3akajigy5aekqy6mppwa",
            "lifecycle_details": null,
            "project_id": "ocid1.devopsproject.oc1.iad.amaaaaaak6zxdwaatcovgnrvjxotarspztp6wfemcqwpci6zipugrpwuqbdq",
            "repository_id": null,
            "state": "ACTIVE",
            "system_tags": {},
            "time_created": "2026-03-18 23:10:20.447 +0000 UTC",
            "time_updated": "2026-03-19 18:53:19.556 +0000 UTC",
            "timeouts": null,
            "trigger_source": "GITHUB",
            "trigger_url": "https://devops.us-ashburn-1.oci.oraclecloud.com/20210630/triggerlisteners/ocid1.devopstrigger.oc1.iad.amaaaaaak6zxdwaaglqduceze6kjc5rf5wnsb5nm3akajigy5aekqy6mppwa"
          },
          "sensitive_attributes": [],
          "private": "eyJlMmJmYjczMC1lY2FhLTExZTYtOGY4OC0zNDM2M2JjN2M0YzAiOnsiY3JlYXRlIjoxMjAwMDAwMDAwMDAwLCJkZWxldGUiOjEyMDAwMDAwMDAwMDAsInVwZGF0ZSI6MTIwMDAwMDAwMDAwMH19",
          "dependencies": [
            "oci_devops_build_pipeline.mlflow_training",
            "oci_devops_connection.github",
            "oci_devops_project.mlflow_training",
            "oci_ons_notification_topic.devops"
          ]
        }
      ]
    },
    {
      "mode": "managed",
      "type": "oci_identity_policy",
      "name": "oke_cluster",
      "provider": "provider[\"registry.terraform.io/oracle/oci\"]",
      "instances": [
        {
          "index_key": 0,
          "schema_version": 0,
          "attributes": {
            "ETag": "a287a2b75c8c3c64b8b132ba9ea1f124e9362d79",
            "compartment_id": "ocid1.tenancy.oc1..aaaaaaaaua24xt6vh43ajptlqyxajese5ryuptn7k7effjfn64wkzl62uk4q",
            "defined_tags": {
              "Oracle-Tags.CreatedBy": "default/prasanth.prasad@oracle.com",
              "Oracle-Tags.CreatedOn": "2026-03-17T17:22:19.825Z"
            },
            "description": "Allows OKE cluster workloads to manage OCI resources needed by Kubernetes services.",
            "freeform_tags": {},
            "id": "ocid1.policy.oc1..aaaaaaaa53ehcyluzsmmq6y7mzyrjx6i62ne2fidjzhi4wfxzqcfkfqlclca",
            "inactive_state": null,
            "lastUpdateETag": "a287a2b75c8c3c64b8b132ba9ea1f124e9362d79",
            "name": "mlflow-oke-oke-workload-policy",
            "policyHash": "96e19cf932a05ba27ddc712c089fe8c5",
            "state": "ACTIVE",
            "statements": [
              "Allow any-user to manage load-balancers in compartment id ocid1.compartment.oc1..aaaaaaaakudebt2qkiq7rigx53xbsanwjxzr42tw46ktdmyejwotqsclgo6q where all {request.principal.type = 'cluster', request.principal.compartment.id = 'ocid1.compartment.oc1..aaaaaaaakudebt2qkiq7rigx53xbsanwjxzr42tw46ktdmyejwotqsclgo6q'}",
              "Allow any-user to use subnets in compartment id ocid1.compartment.oc1..aaaaaaaakudebt2qkiq7rigx53xbsanwjxzr42tw46ktdmyejwotqsclgo6q where all {request.principal.type = 'cluster', request.principal.compartment.id = 'ocid1.compartment.oc1..aaaaaaaakudebt2qkiq7rigx53xbsanwjxzr42tw46ktdmyejwotqsclgo6q'}",
              "Allow any-user to manage vnics in compartment id ocid1.compartment.oc1..aaaaaaaakudebt2qkiq7rigx53xbsanwjxzr42tw46ktdmyejwotqsclgo6q where all {request.principal.type = 'cluster', request.principal.compartment.id = 'ocid1.compartment.oc1..aaaaaaaakudebt2qkiq7rigx53xbsanwjxzr42tw46ktdmyejwotqsclgo6q'}"
            ],
            "time_created": "2026-03-17 17:22:19.904 +0000 UTC",
            "timeouts": null,
            "version_date": null
          },
          "sensitive_attributes": [],
          "private": "eyJlMmJmYjczMC1lY2FhLTExZTYtOGY4OC0zNDM2M2JjN2M0YzAiOnsiY3JlYXRlIjoxMjAwMDAwMDAwMDAwLCJkZWxldGUiOjEyMDAwMDAwMDAwMDAsInVwZGF0ZSI6MTIwMDAwMDAwMDAwMH19"
        }
      ]
    },
    {
      "mode": "managed",
      "type": "oci_ons_notification_topic",
      "name": "devops",
      "provider": "provider[\"registry.terraform.io/oracle/oci\"]",
      "instances": [
        {
          "index_key": 0,
          "schema_version": 0,
          "attributes": {
            "api_endpoint": "https://cell1.notification.us-ashburn-1.oci.oraclecloud.com",
            "compartment_id": "ocid1.compartment.oc1..aaaaaaaakudebt2qkiq7rigx53xbsanwjxzr42tw46ktdmyejwotqsclgo6q",
            "defined_tags": {
              "Oracle-Tags.CreatedBy": "default/prasanth.prasad@oracle.com",
              "Oracle-Tags.CreatedOn": "2026-03-18T23:09:59.573Z"
            },
            "description": null,
            "etag": "939d2479",
            "freeform_tags": {},
            "id": "ocid1.onstopic.oc1.iad.amaaaaaak6zxdwaa7nzonyacnx3xibqfvdjoqu6elgjb7t44kr6kgdutbwnq",
            "name": "mlflow-training-devops-topic",
            "short_topic_id": null,
            "state": "ACTIVE",
            "time_created": "2026-03-18 23:09:59.659 +0000 UTC",
            "timeouts": null,
            "topic_id": "ocid1.onstopic.oc1.iad.amaaaaaak6zxdwaa7nzonyacnx3xibqfvdjoqu6elgjb7t44kr6kgdutbwnq"
          },
          "sensitive_attributes": [],
          "private": "eyJlMmJmYjczMC1lY2FhLTExZTYtOGY4OC0zNDM2M2JjN2M0YzAiOnsiY3JlYXRlIjo5MDAwMDAwMDAwMDAsImRlbGV0ZSI6OTAwMDAwMDAwMDAwMCwidXBkYXRlIjo5MDAwMDAwMDAwMDB9fQ=="
        }
      ]
    }
  ],
  "check_results": [
    {
      "object_kind": "resource",
      "config_addr": "oci_devops_build_pipeline_stage.build_and_deploy",
      "status": "pass",
      "objects": [
        {
          "object_addr": "oci_devops_build_pipeline_stage.build_and_deploy[0]",
          "status": "pass"
        }
      ]
    },
    {
      "object_kind": "resource",
      "config_addr": "oci_devops_connection.github",
      "status": "pass",
      "objects": [
        {
          "object_addr": "oci_devops_connection.github[0]",
          "status": "pass"
        }
      ]
    }
  ]
}
